<Project ToolsVersion="4.0" xmlns="http://schemas.microsoft.com/developer/msbuild/2003">
  <ItemGroup>
    <Filter Include="Source Files">
      <UniqueIdentifier>{4FC737F1-C7A5-4376-A066-2A32D752A2FF}</UniqueIdentifier>
      <Extensions>cpp;c;cc;cxx;def;odl;idl;hpj;bat;asm;asmx</Extensions>
    </Filter>
    <Filter Include="Header Files">
      <UniqueIdentifier>{93995380-89BD-4b04-88EB-625FBE52EBFB}</UniqueIdentifier>
      <Extensions>h;hpp;hxx;hm;inl;inc;xsd</Extensions>
    </Filter>
    <Filter Include="Resource Files">
      <UniqueIdentifier>{67DA6AB6-F800-4c08-8B7A-83BB121AAD01}</UniqueIdentifier>
      <Extensions>rc;ico;cur;bmp;dlg;rc2;rct;bin;rgs;gif;jpg;jpeg;jpe;resx;tiff;tif;png;wav</Extensions>
    </Filter>
    <Filter Include="Blocks">
      <UniqueIdentifier>{D1FA4326-56BF-44CB-8E8E-18729FDD0BDC}</UniqueIdentifier>
    </Filter>
    <Filter Include="Blocks\Cinder-Hap2">
      <UniqueIdentifier>{002D1DD7-618F-4F8D-8632-26ED3907F8C7}</UniqueIdentifier>
    </Filter>
    <Filter Include="Blocks\Cinder-Hap2\src">
      <UniqueIdentifier>{F9319647-64CF-4383-A739-19EADA904219}</UniqueIdentifier>
    </Filter>
    <Filter Include="Blocks\ImGui">
      <UniqueIdentifier>{886E07D9-4163-43B7-9F84-8D704C1C27C7}</UniqueIdentifier>
    </Filter>
    <Filter Include="Blocks\ImGui\include">
      <UniqueIdentifier>{3CB24AA7-C99B-4FE5-A9EE-7A62D9707AA8}</UniqueIdentifier>
    </Filter>
    <Filter Include="Blocks\ImGui\lib">
      <UniqueIdentifier>{77F4994B-7DEC-4DBC-9236-EDD787457AEF}</UniqueIdentifier>
    </Filter>
    <Filter Include="Blocks\ImGui\lib\imgui">
      <UniqueIdentifier>{E42AFC26-9F8B-4AFE-955D-A299DBD2A035}</UniqueIdentifier>
    </Filter>
    <Filter Include="Blocks\ImGui\src">
      <UniqueIdentifier>{C78C6BF3-5795-4F6E-B700-8FF8EBAA022C}</UniqueIdentifier>
    </Filter>
    <Filter Include="Blocks\Midi2">
      <UniqueIdentifier>{718B9691-92B9-4995-8070-67491F31BB58}</UniqueIdentifier>
    </Filter>
    <Filter Include="Blocks\Midi2\include">
      <UniqueIdentifier>{08BDBAE9-1A8B-479F-854A-8679E911EC71}</UniqueIdentifier>
    </Filter>
    <Filter Include="Blocks\Midi2\lib">
      <UniqueIdentifier>{9E68AC82-9853-45EC-B803-AE0980203D68}</UniqueIdentifier>
    </Filter>
    <Filter Include="Blocks\Midi2\src">
      <UniqueIdentifier>{9F0626D6-5988-47E4-893D-860C239597AA}</UniqueIdentifier>
    </Filter>
    <Filter Include="Blocks\Videodromm">
      <UniqueIdentifier>{F174BF6A-227C-4680-B14A-BFBA86F9F6E8}</UniqueIdentifier>
    </Filter>
    <Filter Include="Blocks\Videodromm\include">
      <UniqueIdentifier>{6C2753B2-24E2-4DC9-BD1F-0971A7821C7B}</UniqueIdentifier>
    </Filter>
    <Filter Include="Blocks\Videodromm\src">
      <UniqueIdentifier>{321A5452-AE63-4664-8CB4-2CE15E81D3C9}</UniqueIdentifier>
    </Filter>
    <Filter Include="Blocks\Cinder-Warping">
      <UniqueIdentifier>{DCF80627-9910-46F0-9798-29CE8F4D8C63}</UniqueIdentifier>
    </Filter>
    <Filter Include="Blocks\Cinder-Warping\include">
      <UniqueIdentifier>{7ED546C5-144C-4FFB-AD06-2DC156ACDD23}</UniqueIdentifier>
    </Filter>
    <Filter Include="Blocks\Cinder-Warping\src">
      <UniqueIdentifier>{3CA82CB7-C040-4F19-A816-CB6C2D3ED442}</UniqueIdentifier>
    </Filter>
    <Filter Include="Blocks\Cinder-WebSocketPP">
      <UniqueIdentifier>{A63E35D7-87ED-40A2-86E4-EA6576E39D81}</UniqueIdentifier>
    </Filter>
    <Filter Include="Blocks\Cinder-WebSocketPP\src">
      <UniqueIdentifier>{D317DEA4-133B-482E-AB26-918371DAF89B}</UniqueIdentifier>
    </Filter>
    <Filter Include="Blocks\OSC">
      <UniqueIdentifier>{671A4EBD-E532-4F08-A19C-B449D7E8CB04}</UniqueIdentifier>
    </Filter>
    <Filter Include="Blocks\OSC\src">
      <UniqueIdentifier>{06F60838-F40F-4ECB-B45A-6B8B6F2697D3}</UniqueIdentifier>
    </Filter>
    <Filter Include="Blocks\UnionJack">
      <UniqueIdentifier>{B20B8FDD-982C-4ADB-9677-D61857335824}</UniqueIdentifier>
    </Filter>
    <Filter Include="Blocks\UnionJack\include">
      <UniqueIdentifier>{1149A661-7C25-4DAE-9EC1-78301BC0D74B}</UniqueIdentifier>
    </Filter>
    <Filter Include="Blocks\UnionJack\src">
      <UniqueIdentifier>{FB879A3A-4C9A-4839-BF47-A9A0B4629F8D}</UniqueIdentifier>
    </Filter>
  </ItemGroup>
  <ItemGroup>
    <ClCompile Include="..\src\BatchassUnionJackApp.cpp">
      <Filter>Source Files</Filter>
    </ClCompile>
    <ClInclude Include="..\include\Resources.h">
      <Filter>Header Files</Filter>
    </ClInclude>
    <ClCompile Include="..\src\BatchassUnionJackApp.cpp">
      <Filter>Source Files</Filter>
    </ClCompile>
    <ClCompile Include="..\..\..\Cinder\blocks\Cinder-Hap2\src\MovieHap.cpp">
      <Filter>Blocks\Cinder-Hap2\src</Filter>
    </ClCompile>
    <ClCompile Include="..\..\..\Cinder\blocks\Cinder-Hap2\src\HapSupport.c">
      <Filter>Blocks\Cinder-Hap2\src</Filter>
    </ClCompile>
    <ClInclude Include="..\..\..\Cinder\blocks\Cinder-Hap2\src\HapSupport.h">
      <Filter>Blocks\Cinder-Hap2\src</Filter>
    </ClInclude>
    <ClInclude Include="..\..\..\Cinder\blocks\Cinder-Hap2\src\MovieHap.h">
      <Filter>Blocks\Cinder-Hap2\src</Filter>
    </ClInclude>
    <ClInclude Include="..\..\..\Cinder\blocks\Cinder-ImGui\include\CinderImGui.h">
      <Filter>Blocks\ImGui\include</Filter>
    </ClInclude>
    <ClInclude Include="..\..\..\Cinder\blocks\Cinder-ImGui\include\imgui_user.h">
      <Filter>Blocks\ImGui\include</Filter>
    </ClInclude>
    <ClInclude Include="..\..\..\Cinder\blocks\Cinder-ImGui\include\imgui_user.inl">
      <Filter>Blocks\ImGui\include</Filter>
    </ClInclude>
    <ClInclude Include="..\..\..\Cinder\blocks\Cinder-ImGui\lib\imgui\imconfig.h">
      <Filter>Blocks\ImGui\lib\imgui</Filter>
    </ClInclude>
    <ClInclude Include="..\..\..\Cinder\blocks\Cinder-ImGui\lib\imgui\imgui.h">
      <Filter>Blocks\ImGui\lib\imgui</Filter>
    </ClInclude>
    <ClInclude Include="..\..\..\Cinder\blocks\Cinder-ImGui\lib\imgui\imgui_internal.h">
      <Filter>Blocks\ImGui\lib\imgui</Filter>
    </ClInclude>
    <ClCompile Include="..\..\..\Cinder\blocks\Cinder-ImGui\src\CinderImGui.cpp">
      <Filter>Blocks\ImGui\src</Filter>
    </ClCompile>
    <ClCompile Include="..\..\..\Cinder\blocks\Cinder-ImGui\lib\imgui\imgui.cpp">
      <Filter>Blocks\ImGui\lib\imgui</Filter>
    </ClCompile>
    <ClCompile Include="..\..\..\Cinder\blocks\Cinder-ImGui\lib\imgui\imgui_draw.cpp">
      <Filter>Blocks\ImGui\lib\imgui</Filter>
    </ClCompile>
    <ClCompile Include="..\..\..\Cinder\blocks\Cinder-ImGui\lib\imgui\imgui_demo.cpp">
      <Filter>Blocks\ImGui\lib\imgui</Filter>
    </ClCompile>
    <ClInclude Include="..\..\..\Cinder\blocks\Cinder-MIDI2\include\CinderMidi.h">
      <Filter>Blocks\Midi2\include</Filter>
    </ClInclude>
    <ClInclude Include="..\..\..\Cinder\blocks\Cinder-MIDI2\include\MidiExceptions.h">
      <Filter>Blocks\Midi2\include</Filter>
    </ClInclude>
    <ClInclude Include="..\..\..\Cinder\blocks\Cinder-MIDI2\include\MidiHub.h">
      <Filter>Blocks\Midi2\include</Filter>
    </ClInclude>
    <ClInclude Include="..\..\..\Cinder\blocks\Cinder-MIDI2\include\MidiOut.h">
      <Filter>Blocks\Midi2\include</Filter>
    </ClInclude>
    <ClInclude Include="..\..\..\Cinder\blocks\Cinder-MIDI2\lib\RtMidi.h">
      <Filter>Blocks\Midi2\lib</Filter>
    </ClInclude>
    <ClCompile Include="..\..\..\Cinder\blocks\Cinder-MIDI2\lib\RtMidi.cpp">
      <Filter>Blocks\Midi2\lib</Filter>
    </ClCompile>
    <ClCompile Include="..\..\..\Cinder\blocks\Cinder-MIDI2\src\MidiHub.cpp">
      <Filter>Blocks\Midi2\src</Filter>
    </ClCompile>
    <ClCompile Include="..\..\..\Cinder\blocks\Cinder-MIDI2\src\CinderMidi.cpp">
      <Filter>Blocks\Midi2\src</Filter>
    </ClCompile>
    <ClCompile Include="..\..\..\Cinder\blocks\Cinder-MIDI2\src\MidiOut.cpp">
      <Filter>Blocks\Midi2\src</Filter>
    </ClCompile>
    <ClInclude Include="..\..\..\Cinder\blocks\Cinder-Videodromm\include\LiveParam.h">
      <Filter>Blocks\Videodromm\include</Filter>
    </ClInclude>
    <ClInclude Include="..\..\..\Cinder\blocks\Cinder-Videodromm\include\VDAnimation.h">
      <Filter>Blocks\Videodromm\include</Filter>
    </ClInclude>
    <ClInclude Include="..\..\..\Cinder\blocks\Cinder-Videodromm\include\VDConsole.h">
      <Filter>Blocks\Videodromm\include</Filter>
    </ClInclude>
    <ClInclude Include="..\..\..\Cinder\blocks\Cinder-Videodromm\include\VDFbo.h">
      <Filter>Blocks\Videodromm\include</Filter>
    </ClInclude>
    <ClInclude Include="..\..\..\Cinder\blocks\Cinder-Videodromm\include\VDLog.h">
      <Filter>Blocks\Videodromm\include</Filter>
    </ClInclude>
    <ClInclude Include="..\..\..\Cinder\blocks\Cinder-Videodromm\include\VDMix.h">
      <Filter>Blocks\Videodromm\include</Filter>
    </ClInclude>
    <ClInclude Include="..\..\..\Cinder\blocks\Cinder-Videodromm\include\VDRouter.h">
      <Filter>Blocks\Videodromm\include</Filter>
    </ClInclude>
    <ClInclude Include="..\..\..\Cinder\blocks\Cinder-Videodromm\include\VDSession.h">
      <Filter>Blocks\Videodromm\include</Filter>
    </ClInclude>
    <ClInclude Include="..\..\..\Cinder\blocks\Cinder-Videodromm\include\VDSettings.h">
      <Filter>Blocks\Videodromm\include</Filter>
    </ClInclude>
    <ClInclude Include="..\..\..\Cinder\blocks\Cinder-Videodromm\include\VDShader.h">
      <Filter>Blocks\Videodromm\include</Filter>
    </ClInclude>
    <ClInclude Include="..\..\..\Cinder\blocks\Cinder-Videodromm\include\VDTexture.h">
      <Filter>Blocks\Videodromm\include</Filter>
    </ClInclude>
    <ClInclude Include="..\..\..\Cinder\blocks\Cinder-Videodromm\include\VDUI.h">
      <Filter>Blocks\Videodromm\include</Filter>
    </ClInclude>
    <ClInclude Include="..\..\..\Cinder\blocks\Cinder-Videodromm\include\VDUIAnimation.h">
      <Filter>Blocks\Videodromm\include</Filter>
    </ClInclude>
    <ClInclude Include="..\..\..\Cinder\blocks\Cinder-Videodromm\include\VDUIAudio.h">
      <Filter>Blocks\Videodromm\include</Filter>
    </ClInclude>
    <ClInclude Include="..\..\..\Cinder\blocks\Cinder-Videodromm\include\VDUIBlend.h">
      <Filter>Blocks\Videodromm\include</Filter>
    </ClInclude>
    <ClInclude Include="..\..\..\Cinder\blocks\Cinder-Videodromm\include\VDUIChannels.h">
      <Filter>Blocks\Videodromm\include</Filter>
    </ClInclude>
    <ClInclude Include="..\..\..\Cinder\blocks\Cinder-Videodromm\include\VDUIColor.h">
      <Filter>Blocks\Videodromm\include</Filter>
    </ClInclude>
    <ClInclude Include="..\..\..\Cinder\blocks\Cinder-Videodromm\include\VDUIFbos.h">
      <Filter>Blocks\Videodromm\include</Filter>
    </ClInclude>
    <ClInclude Include="..\..\..\Cinder\blocks\Cinder-Videodromm\include\VDUIMidi.h">
      <Filter>Blocks\Videodromm\include</Filter>
    </ClInclude>
    <ClInclude Include="..\..\..\Cinder\blocks\Cinder-Videodromm\include\VDUIMouse.h">
      <Filter>Blocks\Videodromm\include</Filter>
    </ClInclude>
    <ClInclude Include="..\..\..\Cinder\blocks\Cinder-Videodromm\include\VDUIOsc.h">
      <Filter>Blocks\Videodromm\include</Filter>
    </ClInclude>
    <ClInclude Include="..\..\..\Cinder\blocks\Cinder-Videodromm\include\VDUIShaders.h">
      <Filter>Blocks\Videodromm\include</Filter>
    </ClInclude>
    <ClInclude Include="..\..\..\Cinder\blocks\Cinder-Videodromm\include\VDUITempo.h">
      <Filter>Blocks\Videodromm\include</Filter>
    </ClInclude>
    <ClInclude Include="..\..\..\Cinder\blocks\Cinder-Videodromm\include\VDUITextures.h">
      <Filter>Blocks\Videodromm\include</Filter>
    </ClInclude>
    <ClInclude Include="..\..\..\Cinder\blocks\Cinder-Videodromm\include\VDUIWebsockets.h">
      <Filter>Blocks\Videodromm\include</Filter>
    </ClInclude>
    <ClInclude Include="..\..\..\Cinder\blocks\Cinder-Videodromm\include\VDUtils.h">
      <Filter>Blocks\Videodromm\include</Filter>
    </ClInclude>
    <ClInclude Include="..\..\..\Cinder\blocks\Cinder-Videodromm\include\Watchdog.h">
      <Filter>Blocks\Videodromm\include</Filter>
    </ClInclude>
    <ClCompile Include="..\..\..\Cinder\blocks\Cinder-Videodromm\src\LiveParam.cpp">
      <Filter>Blocks\Videodromm\src</Filter>
    </ClCompile>
    <ClCompile Include="..\..\..\Cinder\blocks\Cinder-Videodromm\src\VDAnimation.cpp">
      <Filter>Blocks\Videodromm\src</Filter>
    </ClCompile>
    <ClCompile Include="..\..\..\Cinder\blocks\Cinder-Videodromm\src\VDConsole.cpp">
      <Filter>Blocks\Videodromm\src</Filter>
    </ClCompile>
    <ClCompile Include="..\..\..\Cinder\blocks\Cinder-Videodromm\src\VDFbo.cpp">
      <Filter>Blocks\Videodromm\src</Filter>
    </ClCompile>
    <ClCompile Include="..\..\..\Cinder\blocks\Cinder-Videodromm\src\VDLog.cpp">
      <Filter>Blocks\Videodromm\src</Filter>
    </ClCompile>
    <ClCompile Include="..\..\..\Cinder\blocks\Cinder-Videodromm\src\VDMix.cpp">
      <Filter>Blocks\Videodromm\src</Filter>
    </ClCompile>
    <ClCompile Include="..\..\..\Cinder\blocks\Cinder-Videodromm\src\VDRouter.cpp">
      <Filter>Blocks\Videodromm\src</Filter>
    </ClCompile>
    <ClCompile Include="..\..\..\Cinder\blocks\Cinder-Videodromm\src\VDSession.cpp">
      <Filter>Blocks\Videodromm\src</Filter>
    </ClCompile>
    <ClCompile Include="..\..\..\Cinder\blocks\Cinder-Videodromm\src\VDSettings.cpp">
      <Filter>Blocks\Videodromm\src</Filter>
    </ClCompile>
    <ClCompile Include="..\..\..\Cinder\blocks\Cinder-Videodromm\src\VDShader.cpp">
      <Filter>Blocks\Videodromm\src</Filter>
    </ClCompile>
    <ClCompile Include="..\..\..\Cinder\blocks\Cinder-Videodromm\src\VDTexture.cpp">
      <Filter>Blocks\Videodromm\src</Filter>
    </ClCompile>
    <ClCompile Include="..\..\..\Cinder\blocks\Cinder-Videodromm\src\VDUI.cpp">
      <Filter>Blocks\Videodromm\src</Filter>
    </ClCompile>
    <ClCompile Include="..\..\..\Cinder\blocks\Cinder-Videodromm\src\VDUIAnimation.cpp">
      <Filter>Blocks\Videodromm\src</Filter>
    </ClCompile>
    <ClCompile Include="..\..\..\Cinder\blocks\Cinder-Videodromm\src\VDUIAudio.cpp">
      <Filter>Blocks\Videodromm\src</Filter>
    </ClCompile>
    <ClCompile Include="..\..\..\Cinder\blocks\Cinder-Videodromm\src\VDUIBlend.cpp">
      <Filter>Blocks\Videodromm\src</Filter>
    </ClCompile>
    <ClCompile Include="..\..\..\Cinder\blocks\Cinder-Videodromm\src\VDUIChannels.cpp">
      <Filter>Blocks\Videodromm\src</Filter>
    </ClCompile>
    <ClCompile Include="..\..\..\Cinder\blocks\Cinder-Videodromm\src\VDUIColor.cpp">
      <Filter>Blocks\Videodromm\src</Filter>
    </ClCompile>
    <ClCompile Include="..\..\..\Cinder\blocks\Cinder-Videodromm\src\VDUIFbos.cpp">
      <Filter>Blocks\Videodromm\src</Filter>
    </ClCompile>
    <ClCompile Include="..\..\..\Cinder\blocks\Cinder-Videodromm\src\VDUIMidi.cpp">
      <Filter>Blocks\Videodromm\src</Filter>
    </ClCompile>
    <ClCompile Include="..\..\..\Cinder\blocks\Cinder-Videodromm\src\VDUIMouse.cpp">
      <Filter>Blocks\Videodromm\src</Filter>
    </ClCompile>
    <ClCompile Include="..\..\..\Cinder\blocks\Cinder-Videodromm\src\VDUIOsc.cpp">
      <Filter>Blocks\Videodromm\src</Filter>
    </ClCompile>
    <ClCompile Include="..\..\..\Cinder\blocks\Cinder-Videodromm\src\VDUIShaders.cpp">
      <Filter>Blocks\Videodromm\src</Filter>
    </ClCompile>
    <ClCompile Include="..\..\..\Cinder\blocks\Cinder-Videodromm\src\VDUITempo.cpp">
      <Filter>Blocks\Videodromm\src</Filter>
    </ClCompile>
    <ClCompile Include="..\..\..\Cinder\blocks\Cinder-Videodromm\src\VDUITextures.cpp">
      <Filter>Blocks\Videodromm\src</Filter>
    </ClCompile>
    <ClCompile Include="..\..\..\Cinder\blocks\Cinder-Videodromm\src\VDUIWebsockets.cpp">
      <Filter>Blocks\Videodromm\src</Filter>
    </ClCompile>
    <ClCompile Include="..\..\..\Cinder\blocks\Cinder-Videodromm\src\VDUtils.cpp">
      <Filter>Blocks\Videodromm\src</Filter>
    </ClCompile>
    <ClInclude Include="..\..\..\Cinder\blocks\Cinder-Warping\include\Warp.h">
      <Filter>Blocks\Cinder-Warping\include</Filter>
    </ClInclude>
    <ClCompile Include="..\..\..\Cinder\blocks\Cinder-Warping\src\Warp.cpp">
      <Filter>Blocks\Cinder-Warping\src</Filter>
    </ClCompile>
    <ClCompile Include="..\..\..\Cinder\blocks\Cinder-Warping\src\WarpBilinear.cpp">
      <Filter>Blocks\Cinder-Warping\src</Filter>
    </ClCompile>
    <ClCompile Include="..\..\..\Cinder\blocks\Cinder-Warping\src\WarpPerspective.cpp">
      <Filter>Blocks\Cinder-Warping\src</Filter>
    </ClCompile>
    <ClCompile Include="..\..\..\Cinder\blocks\Cinder-Warping\src\WarpPerspectiveBilinear.cpp">
      <Filter>Blocks\Cinder-Warping\src</Filter>
    </ClCompile>
    <ClCompile Include="..\..\..\Cinder\blocks\Cinder-WebSocketPP\src\WebSocketClient.cpp">
      <Filter>Blocks\Cinder-WebSocketPP\src</Filter>
    </ClCompile>
    <ClCompile Include="..\..\..\Cinder\blocks\Cinder-WebSocketPP\src\WebSocketConnection.cpp">
      <Filter>Blocks\Cinder-WebSocketPP\src</Filter>
    </ClCompile>
    <ClCompile Include="..\..\..\Cinder\blocks\Cinder-WebSocketPP\src\WebSocketServer.cpp">
      <Filter>Blocks\Cinder-WebSocketPP\src</Filter>
    </ClCompile>
    <ClInclude Include="..\..\..\Cinder\blocks\Cinder-WebSocketPP\src\WebSocketClient.h">
      <Filter>Blocks\Cinder-WebSocketPP\src</Filter>
    </ClInclude>
    <ClInclude Include="..\..\..\Cinder\blocks\Cinder-WebSocketPP\src\WebSocketConnection.h">
      <Filter>Blocks\Cinder-WebSocketPP\src</Filter>
    </ClInclude>
    <ClInclude Include="..\..\..\Cinder\blocks\Cinder-WebSocketPP\src\WebSocketServer.h">
      <Filter>Blocks\Cinder-WebSocketPP\src</Filter>
    </ClInclude>
    <ClCompile Include="..\..\..\Cinder\blocks\OSC\src\Osc.cpp">
      <Filter>Blocks\OSC\src</Filter>
    </ClCompile>
    <ClInclude Include="..\..\..\Cinder\blocks\OSC\src\Osc.h">
      <Filter>Blocks\OSC\src</Filter>
    </ClInclude>
    <ClInclude Include="..\..\..\Cinder\blocks\UnionJack\include\UnionJack.h">
      <Filter>Blocks\UnionJack\include</Filter>
    </ClInclude>
    <ClCompile Include="..\..\..\Cinder\blocks\UnionJack\src\UnionJack.cpp">
      <Filter>Blocks\UnionJack\src</Filter>
    </ClCompile>
  </ItemGroup>
  <ItemGroup>
    <ClInclude Include="..\include\Resources.h">
      <Filter>Header Files</Filter>
    </ClInclude>
  </ItemGroup>
  <ItemGroup>
    <ResourceCompile Include="Resources.rc">
      <Filter>Resource Files</Filter>
    </ResourceCompile>
  </ItemGroup>
</Project>
