<?xml version="1.0" encoding="utf-8"?>
<Project ToolsVersion="4.0" xmlns="http://schemas.microsoft.com/developer/msbuild/2003">
  <ItemGroup>
    <Filter Include="Source Files">
      <UniqueIdentifier>{4FC737F1-C7A5-4376-A066-2A32D752A2FF}</UniqueIdentifier>
      <Extensions>cpp;c;cc;cxx;def;odl;idl;hpj;bat;asm;asmx</Extensions>
    </Filter>
    <Filter Include="Header Files">
      <UniqueIdentifier>{93995380-89BD-4b04-88EB-625FBE52EBFB}</UniqueIdentifier>
      <Extensions>h;hpp;hxx;hm;inl;inc;xsd</Extensions>
    </Filter>
    <Filter Include="Resource Files">
      <UniqueIdentifier>{67DA6AB6-F800-4c08-8B7A-83BB121AAD01}</UniqueIdentifier>
      <Extensions>rc;ico;cur;bmp;dlg;rc2;rct;bin;rgs;gif;jpg;jpeg;jpe;resx;tiff;tif;png;wav</Extensions>
    </Filter>
    <Filter Include="Blocks">
      <UniqueIdentifier>{F55589B1-F4BE-4A1B-916E-C7534C966863}</UniqueIdentifier>
    </Filter>
    <Filter Include="Blocks\Cinder-Hap2">
      <UniqueIdentifier>{7880693C-0F8D-43ED-9321-7D439202CA28}</UniqueIdentifier>
    </Filter>
    <Filter Include="Blocks\Cinder-Hap2\src">
      <UniqueIdentifier>{AC83CC20-BFD7-46D2-A02F-5CC9E746AE37}</UniqueIdentifier>
    </Filter>
    <Filter Include="Blocks\ImGui">
      <UniqueIdentifier>{8C42DCE0-1F05-4437-8377-2F56648FC784}</UniqueIdentifier>
    </Filter>
    <Filter Include="Blocks\ImGui\include">
      <UniqueIdentifier>{DE23DC32-29BD-4B72-B85D-AC13AA713651}</UniqueIdentifier>
    </Filter>
    <Filter Include="Blocks\ImGui\lib">
      <UniqueIdentifier>{17976D1D-A193-4EAF-87C0-8EB66C42E6EF}</UniqueIdentifier>
    </Filter>
    <Filter Include="Blocks\ImGui\lib\imgui">
      <UniqueIdentifier>{5E8974B9-85E1-4147-A2C5-0809C690278E}</UniqueIdentifier>
    </Filter>
    <Filter Include="Blocks\ImGui\src">
      <UniqueIdentifier>{76D575F9-59B9-490B-A62B-7255EE717F50}</UniqueIdentifier>
    </Filter>
    <Filter Include="Blocks\Midi2">
      <UniqueIdentifier>{7499F606-A942-4E1D-902A-810DEE4BD0A6}</UniqueIdentifier>
    </Filter>
    <Filter Include="Blocks\Midi2\include">
      <UniqueIdentifier>{F140A104-F0E3-45B0-86FE-C74427EF0C1C}</UniqueIdentifier>
    </Filter>
    <Filter Include="Blocks\Midi2\lib">
      <UniqueIdentifier>{21FC75CB-D959-4559-9709-EB4715E2A9FC}</UniqueIdentifier>
    </Filter>
    <Filter Include="Blocks\Midi2\src">
      <UniqueIdentifier>{3BEC0A9B-0F1D-4608-BDD2-99C2E8C8DB67}</UniqueIdentifier>
    </Filter>
    <Filter Include="Blocks\Videodromm">
      <UniqueIdentifier>{13FD7EFB-0D9E-4AC3-B4E5-0B33603B01C2}</UniqueIdentifier>
    </Filter>
    <Filter Include="Blocks\Videodromm\include">
      <UniqueIdentifier>{D7B54D0D-85B7-444F-B4A6-948C894120FC}</UniqueIdentifier>
    </Filter>
    <Filter Include="Blocks\Videodromm\src">
      <UniqueIdentifier>{BFB22A3C-6C32-44D2-8249-20E911AC2470}</UniqueIdentifier>
    </Filter>
    <Filter Include="Blocks\Cinder-Warping">
      <UniqueIdentifier>{D0048DA2-42B3-4489-8DDA-9CBE65CA3434}</UniqueIdentifier>
    </Filter>
    <Filter Include="Blocks\Cinder-Warping\include">
      <UniqueIdentifier>{91ECCF47-5444-4549-9E78-803BEEBEF242}</UniqueIdentifier>
    </Filter>
    <Filter Include="Blocks\Cinder-Warping\src">
      <UniqueIdentifier>{6CA43633-B755-43F1-9279-6813784EE74B}</UniqueIdentifier>
    </Filter>
    <Filter Include="Blocks\Cinder-WebSocketPP">
      <UniqueIdentifier>{5EC734AD-8FBA-4601-9DAC-32BBCC7FDF62}</UniqueIdentifier>
    </Filter>
    <Filter Include="Blocks\Cinder-WebSocketPP\src">
      <UniqueIdentifier>{22BCD7A7-C9B6-455F-AC84-94EABD153B74}</UniqueIdentifier>
    </Filter>
    <Filter Include="Blocks\OSC">
      <UniqueIdentifier>{729DD4C3-D719-4BE9-A86D-DB3DBB7FF1F1}</UniqueIdentifier>
    </Filter>
    <Filter Include="Blocks\OSC\src">
      <UniqueIdentifier>{7B1A6687-3DD8-41F0-B4D6-1F35F37040E7}</UniqueIdentifier>
    </Filter>
    <Filter Include="Blocks\UnionJack">
      <UniqueIdentifier>{66F0C9A2-71F3-4251-834C-D10B1842036E}</UniqueIdentifier>
    </Filter>
    <Filter Include="Blocks\UnionJack\include">
      <UniqueIdentifier>{25318D8B-71DB-4173-96BB-FC4D758876A9}</UniqueIdentifier>
    </Filter>
    <Filter Include="Blocks\UnionJack\src">
      <UniqueIdentifier>{16254043-23C6-4E56-A53B-762C00F34EAD}</UniqueIdentifier>
    </Filter>
    <Filter Include="assets">
      <UniqueIdentifier>{02f10dab-b05b-4565-a2b9-425d041450aa}</UniqueIdentifier>
    </Filter>
    <Filter Include="debug">
      <UniqueIdentifier>{458ab7ff-ca2e-4d30-8c1d-cc0d74633feb}</UniqueIdentifier>
    </Filter>
    <Filter Include="release">
      <UniqueIdentifier>{652b6efd-cd88-4cdd-8b12-af681299882f}</UniqueIdentifier>
    </Filter>
  </ItemGroup>
  <ItemGroup>
    <ClCompile Include="..\src\HapPlayerApp.cpp">
      <Filter>Source Files</Filter>
    </ClCompile>
    <ClInclude Include="..\include\Resources.h">
      <Filter>Header Files</Filter>
    </ClInclude>
    <ClCompile Include="..\src\HapPlayerApp.cpp">
      <Filter>Source Files</Filter>
    </ClCompile>
    <ClCompile Include="..\..\..\Cinder\blocks\Cinder-Hap2\src\MovieHap.cpp">
      <Filter>Blocks\Cinder-Hap2\src</Filter>
    </ClCompile>
    <ClCompile Include="..\..\..\Cinder\blocks\Cinder-Hap2\src\HapSupport.c">
      <Filter>Blocks\Cinder-Hap2\src</Filter>
    </ClCompile>
    <ClInclude Include="..\..\..\Cinder\blocks\Cinder-Hap2\src\HapSupport.h">
      <Filter>Blocks\Cinder-Hap2\src</Filter>
    </ClInclude>
    <ClInclude Include="..\..\..\Cinder\blocks\Cinder-Hap2\src\MovieHap.h">
      <Filter>Blocks\Cinder-Hap2\src</Filter>
    </ClInclude>
    <ClInclude Include="..\..\..\Cinder\blocks\Cinder-ImGui\include\CinderImGui.h">
      <Filter>Blocks\ImGui\include</Filter>
    </ClInclude>
    <ClInclude Include="..\..\..\Cinder\blocks\Cinder-ImGui\include\imgui_user.h">
      <Filter>Blocks\ImGui\include</Filter>
    </ClInclude>
    <ClInclude Include="..\..\..\Cinder\blocks\Cinder-ImGui\include\imgui_user.inl">
      <Filter>Blocks\ImGui\include</Filter>
    </ClInclude>
    <ClInclude Include="..\..\..\Cinder\blocks\Cinder-ImGui\lib\imgui\imconfig.h">
      <Filter>Blocks\ImGui\lib\imgui</Filter>
    </ClInclude>
    <ClInclude Include="..\..\..\Cinder\blocks\Cinder-ImGui\lib\imgui\imgui.h">
      <Filter>Blocks\ImGui\lib\imgui</Filter>
    </ClInclude>
    <ClInclude Include="..\..\..\Cinder\blocks\Cinder-ImGui\lib\imgui\imgui_internal.h">
      <Filter>Blocks\ImGui\lib\imgui</Filter>
    </ClInclude>
    <ClCompile Include="..\..\..\Cinder\blocks\Cinder-ImGui\src\CinderImGui.cpp">
      <Filter>Blocks\ImGui\src</Filter>
    </ClCompile>
    <ClCompile Include="..\..\..\Cinder\blocks\Cinder-ImGui\lib\imgui\imgui.cpp">
      <Filter>Blocks\ImGui\lib\imgui</Filter>
    </ClCompile>
    <ClCompile Include="..\..\..\Cinder\blocks\Cinder-ImGui\lib\imgui\imgui_draw.cpp">
      <Filter>Blocks\ImGui\lib\imgui</Filter>
    </ClCompile>
    <ClCompile Include="..\..\..\Cinder\blocks\Cinder-ImGui\lib\imgui\imgui_demo.cpp">
      <Filter>Blocks\ImGui\lib\imgui</Filter>
    </ClCompile>
    <ClInclude Include="..\..\..\Cinder\blocks\Cinder-MIDI2\include\CinderMidi.h">
      <Filter>Blocks\Midi2\include</Filter>
    </ClInclude>
    <ClInclude Include="..\..\..\Cinder\blocks\Cinder-MIDI2\include\MidiExceptions.h">
      <Filter>Blocks\Midi2\include</Filter>
    </ClInclude>
    <ClInclude Include="..\..\..\Cinder\blocks\Cinder-MIDI2\include\MidiHub.h">
      <Filter>Blocks\Midi2\include</Filter>
    </ClInclude>
    <ClInclude Include="..\..\..\Cinder\blocks\Cinder-MIDI2\include\MidiOut.h">
      <Filter>Blocks\Midi2\include</Filter>
    </ClInclude>
    <ClInclude Include="..\..\..\Cinder\blocks\Cinder-MIDI2\lib\RtMidi.h">
      <Filter>Blocks\Midi2\lib</Filter>
    </ClInclude>
    <ClCompile Include="..\..\..\Cinder\blocks\Cinder-MIDI2\lib\RtMidi.cpp">
      <Filter>Blocks\Midi2\lib</Filter>
    </ClCompile>
    <ClCompile Include="..\..\..\Cinder\blocks\Cinder-MIDI2\src\MidiHub.cpp">
      <Filter>Blocks\Midi2\src</Filter>
    </ClCompile>
    <ClCompile Include="..\..\..\Cinder\blocks\Cinder-MIDI2\src\CinderMidi.cpp">
      <Filter>Blocks\Midi2\src</Filter>
    </ClCompile>
    <ClCompile Include="..\..\..\Cinder\blocks\Cinder-MIDI2\src\MidiOut.cpp">
      <Filter>Blocks\Midi2\src</Filter>
    </ClCompile>
    <ClInclude Include="..\..\..\Cinder\blocks\Cinder-Videodromm\include\VDLog.h">
      <Filter>Blocks\Videodromm\include</Filter>
    </ClInclude>
    <ClInclude Include="..\..\..\Cinder\blocks\Cinder-Videodromm\include\VDRouter.h">
      <Filter>Blocks\Videodromm\include</Filter>
    </ClInclude>
    <ClInclude Include="..\..\..\Cinder\blocks\Cinder-Videodromm\include\VDSettings.h">
      <Filter>Blocks\Videodromm\include</Filter>
    </ClInclude>
    <ClInclude Include="..\..\..\Cinder\blocks\Cinder-Videodromm\include\VDUtils.h">
      <Filter>Blocks\Videodromm\include</Filter>
    </ClInclude>
    <ClCompile Include="..\..\..\Cinder\blocks\Cinder-Videodromm\src\VDLog.cpp">
      <Filter>Blocks\Videodromm\src</Filter>
    </ClCompile>
    <ClCompile Include="..\..\..\Cinder\blocks\Cinder-Videodromm\src\VDRouter.cpp">
      <Filter>Blocks\Videodromm\src</Filter>
    </ClCompile>
    <ClCompile Include="..\..\..\Cinder\blocks\Cinder-Videodromm\src\VDSettings.cpp">
      <Filter>Blocks\Videodromm\src</Filter>
    </ClCompile>
    <ClCompile Include="..\..\..\Cinder\blocks\Cinder-Videodromm\src\VDUtils.cpp">
      <Filter>Blocks\Videodromm\src</Filter>
    </ClCompile>
    <ClInclude Include="..\..\..\Cinder\blocks\Cinder-Warping\include\Warp.h">
      <Filter>Blocks\Cinder-Warping\include</Filter>
    </ClInclude>
    <ClCompile Include="..\..\..\Cinder\blocks\Cinder-Warping\src\Warp.cpp">
      <Filter>Blocks\Cinder-Warping\src</Filter>
    </ClCompile>
    <ClCompile Include="..\..\..\Cinder\blocks\Cinder-Warping\src\WarpBilinear.cpp">
      <Filter>Blocks\Cinder-Warping\src</Filter>
    </ClCompile>
    <ClCompile Include="..\..\..\Cinder\blocks\Cinder-Warping\src\WarpPerspective.cpp">
      <Filter>Blocks\Cinder-Warping\src</Filter>
    </ClCompile>
    <ClCompile Include="..\..\..\Cinder\blocks\Cinder-Warping\src\WarpPerspectiveBilinear.cpp">
      <Filter>Blocks\Cinder-Warping\src</Filter>
    </ClCompile>
    <ClCompile Include="..\..\..\Cinder\blocks\Cinder-WebSocketPP\src\WebSocketClient.cpp">
      <Filter>Blocks\Cinder-WebSocketPP\src</Filter>
    </ClCompile>
    <ClCompile Include="..\..\..\Cinder\blocks\Cinder-WebSocketPP\src\WebSocketConnection.cpp">
      <Filter>Blocks\Cinder-WebSocketPP\src</Filter>
    </ClCompile>
    <ClCompile Include="..\..\..\Cinder\blocks\Cinder-WebSocketPP\src\WebSocketServer.cpp">
      <Filter>Blocks\Cinder-WebSocketPP\src</Filter>
    </ClCompile>
    <ClInclude Include="..\..\..\Cinder\blocks\Cinder-WebSocketPP\src\WebSocketClient.h">
      <Filter>Blocks\Cinder-WebSocketPP\src</Filter>
    </ClInclude>
    <ClInclude Include="..\..\..\Cinder\blocks\Cinder-WebSocketPP\src\WebSocketConnection.h">
      <Filter>Blocks\Cinder-WebSocketPP\src</Filter>
    </ClInclude>
    <ClInclude Include="..\..\..\Cinder\blocks\Cinder-WebSocketPP\src\WebSocketServer.h">
      <Filter>Blocks\Cinder-WebSocketPP\src</Filter>
    </ClInclude>
    <ClInclude Include="..\..\..\Cinder\blocks\UnionJack\include\UnionJack.h">
      <Filter>Blocks\UnionJack\include</Filter>
    </ClInclude>
    <ClCompile Include="..\..\..\Cinder\blocks\UnionJack\src\UnionJack.cpp">
      <Filter>Blocks\UnionJack\src</Filter>
    </ClCompile>
    <ClCompile Include="..\..\..\Cinder\blocks\OSC\src\Osc.cpp">
      <Filter>Blocks\OSC\src</Filter>
    </ClCompile>
    <ClCompile Include="..\..\..\Cinder\blocks\Cinder-Videodromm\src\LiveParam.cpp">
      <Filter>Blocks\Videodromm\src</Filter>
    </ClCompile>
    <ClCompile Include="..\..\..\Cinder\blocks\Cinder-Videodromm\src\VDAnimation.cpp">
      <Filter>Blocks\Videodromm\src</Filter>
    </ClCompile>
    <ClCompile Include="..\..\..\Cinder\blocks\Cinder-Videodromm\src\VDAudio.cpp">
      <Filter>Blocks\Videodromm\src</Filter>
    </ClCompile>
    <ClCompile Include="..\..\..\Cinder\blocks\Cinder-Videodromm\src\VDFbo.cpp">
      <Filter>Blocks\Videodromm\src</Filter>
    </ClCompile>
    <ClCompile Include="..\..\..\Cinder\blocks\Cinder-Videodromm\src\VDHapMovie.cpp">
      <Filter>Blocks\Videodromm\src</Filter>
    </ClCompile>
    <ClCompile Include="..\..\..\Cinder\blocks\Cinder-Videodromm\src\VDImageSequence.cpp">
      <Filter>Blocks\Videodromm\src</Filter>
    </ClCompile>
    <ClCompile Include="..\..\..\Cinder\blocks\Cinder-Videodromm\src\VDSession.cpp">
      <Filter>Blocks\Videodromm\src</Filter>
    </ClCompile>
    <ClCompile Include="..\..\..\Cinder\blocks\Cinder-Videodromm\src\VDShaders.cpp">
      <Filter>Blocks\Videodromm\src</Filter>
    </ClCompile>
    <ClCompile Include="..\..\..\Cinder\blocks\Cinder-Videodromm\src\VDTextures.cpp">
      <Filter>Blocks\Videodromm\src</Filter>
    </ClCompile>
  </ItemGroup>
  <ItemGroup>
    <ClInclude Include="..\include\Resources.h">
      <Filter>Header Files</Filter>
    </ClInclude>
    <ClInclude Include="..\include\HapPlayerApp.h">
      <Filter>Header Files</Filter>
    </ClInclude>
    <ClInclude Include="..\..\..\Cinder\blocks\OSC\src\Osc.h">
      <Filter>Blocks\OSC\src</Filter>
    </ClInclude>
    <ClInclude Include="..\..\..\Cinder\blocks\Cinder-Videodromm\include\LiveParam.h">
      <Filter>Blocks\Videodromm\include</Filter>
    </ClInclude>
    <ClInclude Include="..\..\..\Cinder\blocks\Cinder-Videodromm\include\VDAnimation.h">
      <Filter>Blocks\Videodromm\include</Filter>
    </ClInclude>
    <ClInclude Include="..\..\..\Cinder\blocks\Cinder-Videodromm\include\VDAudio.h">
      <Filter>Blocks\Videodromm\include</Filter>
    </ClInclude>
    <ClInclude Include="..\..\..\Cinder\blocks\Cinder-Videodromm\include\VDFbo.h">
      <Filter>Blocks\Videodromm\include</Filter>
    </ClInclude>
    <ClInclude Include="..\..\..\Cinder\blocks\Cinder-Videodromm\include\VDHapMovie.h">
      <Filter>Blocks\Videodromm\include</Filter>
    </ClInclude>
    <ClInclude Include="..\..\..\Cinder\blocks\Cinder-Videodromm\include\VDImageSequence.h">
      <Filter>Blocks\Videodromm\include</Filter>
    </ClInclude>
    <ClInclude Include="..\..\..\Cinder\blocks\Cinder-Videodromm\include\VDSession.h">
      <Filter>Blocks\Videodromm\include</Filter>
    </ClInclude>
    <ClInclude Include="..\..\..\Cinder\blocks\Cinder-Videodromm\include\VDShaders.h">
      <Filter>Blocks\Videodromm\include</Filter>
    </ClInclude>
    <ClInclude Include="..\..\..\Cinder\blocks\Cinder-Videodromm\include\VDTextures.h">
      <Filter>Blocks\Videodromm\include</Filter>
    </ClInclude>
    <ClInclude Include="..\..\..\Cinder\blocks\Cinder-Videodromm\include\Watchdog.h">
      <Filter>Blocks\Videodromm\include</Filter>
    </ClInclude>
  </ItemGroup>
  <ItemGroup>
    <ResourceCompile Include="Resources.rc">
      <Filter>Resource Files</Filter>
    </ResourceCompile>
  </ItemGroup>
  <ItemGroup>
    <None Include="..\assets\frag.glsl">
      <Filter>assets</Filter>
    </None>
    <None Include="..\assets\vert.glsl">
      <Filter>assets</Filter>
    </None>
  </ItemGroup>
  <ItemGroup>
    <Xml Include="..\assets\warps.xml">
      <Filter>assets</Filter>
    </Xml>
    <Xml Include="Debug\VDSettings.xml">
      <Filter>debug</Filter>
    </Xml>
    <Xml Include="Release\VDSettings.xml">
      <Filter>release</Filter>
    </Xml>
  </ItemGroup>
</Project>