
Microsoft Visual Studio Solution File, Format Version 12.00
# Visual Studio 2013
Project("{8BC9CEB8-8B4A-11D0-8D11-00A0C91BC942}") = "HapPlayer", "HapPlayer.vcxproj", "{C98E0FCD-4620-4D1D-9972-834B519A9DC0}"
EndProject
Global
	GlobalSection(SolutionConfigurationPlatforms) = preSolution
		Debug|Win32 = Debug|Win32
		Release|Win32 = Release|Win32
	EndGlobalSection
	GlobalSection(ProjectConfigurationPlatforms) = postSolution
		{C98E0FCD-4620-4D1D-9972-834B519A9DC0}.Debug|Win32.ActiveCfg = Debug|Win32
		{C98E0FCD-4620-4D1D-9972-834B519A9DC0}.Debug|Win32.Build.0 = Debug|Win32
		{C98E0FCD-4620-4D1D-9972-834B519A9DC0}.Release|Win32.ActiveCfg = Release|Win32
		{C98E0FCD-4620-4D1D-9972-834B519A9DC0}.Release|Win32.Build.0 = Release|Win32
	EndGlobalSection
	GlobalSection(SolutionProperties) = preSolution
		HideSolutionNode = FALSE
	EndGlobalSection
EndGlobal
