// !$*UTF8*$!
{
	archiveVersion = 1;
	classes = {
	};
	objectVersion = 46;
	objects = {

/* Begin PBXBuildFile section */
		006D720419952D00008149E2 /* AVFoundation.framework in Frameworks */ = {isa = PBXBuildFile; fileRef = 006D720219952D00008149E2 /* AVFoundation.framework */; };
		006D720519952D00008149E2 /* CoreMedia.framework in Frameworks */ = {isa = PBXBuildFile; fileRef = 006D720319952D00008149E2 /* CoreMedia.framework */; };
		0091D8F90E81B9330029341E /* OpenGL.framework in Frameworks */ = {isa = PBXBuildFile; fileRef = 0091D8F80E81B9330029341E /* OpenGL.framework */; };
		00B784B30FF439BC000DE1D7 /* Accelerate.framework in Frameworks */ = {isa = PBXBuildFile; fileRef = 00B784AF0FF439BC000DE1D7 /* Accelerate.framework */; };
		00B784B40FF439BC000DE1D7 /* AudioToolbox.framework in Frameworks */ = {isa = PBXBuildFile; fileRef = 00B784B00FF439BC000DE1D7 /* AudioToolbox.framework */; };
		00B784B50FF439BC000DE1D7 /* AudioUnit.framework in Frameworks */ = {isa = PBXBuildFile; fileRef = 00B784B10FF439BC000DE1D7 /* AudioUnit.framework */; };
		00B784B60FF439BC000DE1D7 /* CoreAudio.framework in Frameworks */ = {isa = PBXBuildFile; fileRef = 00B784B20FF439BC000DE1D7 /* CoreAudio.framework */; };
		00B9955A1B128DF400A5C623 /* IOKit.framework in Frameworks */ = {isa = PBXBuildFile; fileRef = 00B995581B128DF400A5C623 /* IOKit.framework */; };
		00B9955B1B128DF400A5C623 /* IOSurface.framework in Frameworks */ = {isa = PBXBuildFile; fileRef = 00B995591B128DF400A5C623 /* IOSurface.framework */; };
		5323E6B20EAFCA74003A9687 /* CoreVideo.framework in Frameworks */ = {isa = PBXBuildFile; fileRef = 5323E6B10EAFCA74003A9687 /* CoreVideo.framework */; };
		8D11072F0486CEB800E47090 /* Cocoa.framework in Frameworks */ = {isa = PBXBuildFile; fileRef = 1058C7A1FEA54F0111CA2CBB /* Cocoa.framework */; };
		25BA7947DA1A4A608D37BB3C /* UnionJack.cpp in Sources */ = {isa = PBXBuildFile; fileRef = EF6039B5913641499B48E4F9 /* UnionJack.cpp */; };
		C716AB01B5604CA8951FE81F /* UnionJack.h in Headers */ = {isa = PBXBuildFile; fileRef = ED42372E04F14EA0881AE559 /* UnionJack.h */; };
		C2FD8C07804E42FBA1229437 /* UdpSocket.cpp in Sources */ = {isa = PBXBuildFile; fileRef = E815A09FF5334F87AE658FD9 /* UdpSocket.cpp */; };
		BEAFBCB3FC2B4069B2A3CF62 /* NetworkingUtils.cpp in Sources */ = {isa = PBXBuildFile; fileRef = 3B790D56263E4A7C89CF7CB1 /* NetworkingUtils.cpp */; };
		462DA2748D484509BC3943E7 /* OscTypes.h in Headers */ = {isa = PBXBuildFile; fileRef = 2AD40C5FA4EF428AAC7F8FF8 /* OscTypes.h */; };
		7DF21EEA9A7F4595ABD07466 /* OscReceivedElements.h in Headers */ = {isa = PBXBuildFile; fileRef = 5EDC4D841D9145C39309EF8E /* OscReceivedElements.h */; };
		D05F8A44381B4F71A52DAEE5 /* OscPrintReceivedElements.h in Headers */ = {isa = PBXBuildFile; fileRef = 943C758701DA4D39B728CF29 /* OscPrintReceivedElements.h */; };
		00748FED592F424CAF6A6AF2 /* OscPacketListener.h in Headers */ = {isa = PBXBuildFile; fileRef = 43FB534BC2D6414AB5F3E50B /* OscPacketListener.h */; };
		54D162D3EB32459CAD3E04EC /* OscOutboundPacketStream.h in Headers */ = {isa = PBXBuildFile; fileRef = 604C50F2BB314880B5623BB5 /* OscOutboundPacketStream.h */; };
		2A546BB50BB644B58EC144F4 /* OscHostEndianness.h in Headers */ = {isa = PBXBuildFile; fileRef = F94BD1C361AD4BD1B75291F2 /* OscHostEndianness.h */; };
		60135063A7484F67AC40A7B1 /* OscException.h in Headers */ = {isa = PBXBuildFile; fileRef = 20849AE7B2044459A020659A /* OscException.h */; };
		F3A3CE48FBD94A8B9B9BD2B0 /* MessageMappingOscPacketListener.h in Headers */ = {isa = PBXBuildFile; fileRef = E28A17D6C60F4BA6B3A31BB9 /* MessageMappingOscPacketListener.h */; };
		F7DA6E3B2E714643840B1495 /* UdpSocket.h in Headers */ = {isa = PBXBuildFile; fileRef = 46A38C8B8A7E4D6FB0317C8C /* UdpSocket.h */; };
		4603DAFABC2C44DA965DC78A /* TimerListener.h in Headers */ = {isa = PBXBuildFile; fileRef = E9034082CE28457DB35B0032 /* TimerListener.h */; };
		DB2295313160404795A80E11 /* PacketListener.h in Headers */ = {isa = PBXBuildFile; fileRef = EC6844426A0D45FE80B5C742 /* PacketListener.h */; };
		4BCF492535DA411CAC04DC07 /* NetworkingUtils.h in Headers */ = {isa = PBXBuildFile; fileRef = 9C8AC21F0FC04F37B2BE62ED /* NetworkingUtils.h */; };
		AF65572A168048ECADCC3817 /* IpEndpointName.h in Headers */ = {isa = PBXBuildFile; fileRef = 48A91CC2D78343029C2691BB /* IpEndpointName.h */; };
		B765074A589E428F9ADE75EE /* OscSender.h in Headers */ = {isa = PBXBuildFile; fileRef = B6D96502ADFF4D3194C08957 /* OscSender.h */; };
		3EC57454F5DB4847B51EF2C2 /* OscMessage.h in Headers */ = {isa = PBXBuildFile; fileRef = 8CEDB4E21DAA42C1A17C7139 /* OscMessage.h */; };
		33DE61C016574871B696C7CD /* OscListener.h in Headers */ = {isa = PBXBuildFile; fileRef = 7F0522F892A94E2982DEE10C /* OscListener.h */; };
		68071155ED32484A92F33F64 /* OscBundle.h in Headers */ = {isa = PBXBuildFile; fileRef = 1C2DAC39980844A7AB85D503 /* OscBundle.h */; };
		283190D1EA2946DB9A295732 /* OscArg.h in Headers */ = {isa = PBXBuildFile; fileRef = 6520EAA67E7B42E08C3B1677 /* OscArg.h */; };
		7699FB742A8D4D8BBB52A83B /* OscTypes.cpp in Sources */ = {isa = PBXBuildFile; fileRef = 307BBB628A9C4F23BA6204D7 /* OscTypes.cpp */; };
		25BAB47815D04207822E593E /* OscReceivedElements.cpp in Sources */ = {isa = PBXBuildFile; fileRef = 20773A5D00704BFFBB0E97E5 /* OscReceivedElements.cpp */; };
		52E263F3F8F549C9B79B8E33 /* OscPrintReceivedElements.cpp in Sources */ = {isa = PBXBuildFile; fileRef = B7120142C06F44D1B5EC9ED7 /* OscPrintReceivedElements.cpp */; };
		F75D28F121EB44E28C012D07 /* OscOutboundPacketStream.cpp in Sources */ = {isa = PBXBuildFile; fileRef = ABB50D27724744599952BF6C /* OscOutboundPacketStream.cpp */; };
		75FFEDD8AAD54E51B5042A85 /* IpEndpointName.cpp in Sources */ = {isa = PBXBuildFile; fileRef = 38D684A386294CCB8B01E979 /* IpEndpointName.cpp */; };
		4A608E9FAD2842D6A36C4B2A /* OscSender.cpp in Sources */ = {isa = PBXBuildFile; fileRef = 4FC86BDB4A7B496C9718BEEA /* OscSender.cpp */; };
		C3DAE083F42645E1A09FC893 /* OscMessage.cpp in Sources */ = {isa = PBXBuildFile; fileRef = C33E2F2A06C741E5BCAB20E8 /* OscMessage.cpp */; };
		F93D651C875642B596B1071C /* OscListener.cpp in Sources */ = {isa = PBXBuildFile; fileRef = E1ED7C7F3A8B4B848F1EF9D5 /* OscListener.cpp */; };
		F4A07182B73C40F7B898558B /* OscBundle.cpp in Sources */ = {isa = PBXBuildFile; fileRef = 43806C0608D94C98BCE8406C /* OscBundle.cpp */; };
		0D34AED8C6ED404B860599A0 /* WebSocketServer.h in Headers */ = {isa = PBXBuildFile; fileRef = 9FBF088FCD9C49DD875F0238 /* WebSocketServer.h */; };
		D73DB3BC30D140E29E3ED958 /* WebSocketConnection.h in Headers */ = {isa = PBXBuildFile; fileRef = 95B57F15EE794ED8A2E57479 /* WebSocketConnection.h */; };
		1B200D6655A847FDA7A991ED /* WebSocketClient.h in Headers */ = {isa = PBXBuildFile; fileRef = 78D522236707442BA0EF6C42 /* WebSocketClient.h */; };
		CB0DA7DD73E1448A99CC9BF3 /* WebSocketServer.cpp in Sources */ = {isa = PBXBuildFile; fileRef = E702807169B34105AF2FD971 /* WebSocketServer.cpp */; };
		5F3CE602140C4F89A4A0ADA0 /* WebSocketConnection.cpp in Sources */ = {isa = PBXBuildFile; fileRef = 28311A777C08479D9CE55F80 /* WebSocketConnection.cpp */; };
		7D4F685449BD44A2A4D1A1BE /* WebSocketClient.cpp in Sources */ = {isa = PBXBuildFile; fileRef = A75F67563BE24D0E84DC9335 /* WebSocketClient.cpp */; };
		4939CD94AF9F4A8B8E03D3FF /* WarpPerspectiveBilinear.cpp in Sources */ = {isa = PBXBuildFile; fileRef = A51892C4FE0D4B818241E03E /* WarpPerspectiveBilinear.cpp */; };
		C9AE576CF03F4EC0B3C9DC57 /* WarpPerspective.cpp in Sources */ = {isa = PBXBuildFile; fileRef = 6E67492925844A92B8826FD9 /* WarpPerspective.cpp */; };
		40C40A67CACB40E8A77FC13B /* WarpBilinear.cpp in Sources */ = {isa = PBXBuildFile; fileRef = 5FF35E3ECA2247E8BA68B36D /* WarpBilinear.cpp */; };
		A5E1225E05984E37855ADA30 /* Warp.cpp in Sources */ = {isa = PBXBuildFile; fileRef = 58A5BF19387849CB96A9F102 /* Warp.cpp */; };
		EEDEEB654BF3459D93E1C261 /* Warp.h in Headers */ = {isa = PBXBuildFile; fileRef = AB0A0F4A6C814D46B17DFF8A /* Warp.h */; };
		B5599E5FACB44AD99C04969C /* VDUtils.cpp in Sources */ = {isa = PBXBuildFile; fileRef = 4AF401D98AD74C179933ED55 /* VDUtils.cpp */; };
		EEFB871B836D4F3AB464BB02 /* VDSettings.cpp in Sources */ = {isa = PBXBuildFile; fileRef = D85BCC1185D4486D992B93B3 /* VDSettings.cpp */; };
		822C728814E74D24BF94CEDB /* VDRouter.cpp in Sources */ = {isa = PBXBuildFile; fileRef = 1822FF2882E04C1DA15C647C /* VDRouter.cpp */; };
		BAB29038F89742BAAA9E43F9 /* VDLog.cpp in Sources */ = {isa = PBXBuildFile; fileRef = 405C09AD3A184AA59C627E34 /* VDLog.cpp */; };
		51CE68A3FCE345C28DC0EEA1 /* VDUtils.h in Headers */ = {isa = PBXBuildFile; fileRef = D16581D4707140C9B3F242EF /* VDUtils.h */; };
		A9A9A9A52543419A84141FDB /* VDSettings.h in Headers */ = {isa = PBXBuildFile; fileRef = C41A04596AD34CF691FFF31F /* VDSettings.h */; };
		84A0657C8BD94733839545C6 /* VDRouter.h in Headers */ = {isa = PBXBuildFile; fileRef = 770C4FB030494BA3B14E3190 /* VDRouter.h */; };
		6BAC86664BD24F93AB973E5C /* VDLog.h in Headers */ = {isa = PBXBuildFile; fileRef = DF8ABE40902C4B53B62AA2FF /* VDLog.h */; };
		089C51791D4A4D29A5326549 /* CoreMIDI.framework in Frameworks */ = {isa = PBXBuildFile; fileRef = 8FFD9E1F14904E15A8E6E4AE /* CoreMIDI.framework */; };
		08EF0C00315B40A681701C25 /* MidiOut.cpp in Sources */ = {isa = PBXBuildFile; fileRef = EE270C41A0BC46EE90654B6E /* MidiOut.cpp */; };
		38F910664FAC45E79812C561 /* CinderMidi.cpp in Sources */ = {isa = PBXBuildFile; fileRef = 10FF250C89D348869F6DA551 /* CinderMidi.cpp */; };
		35792271326A470EB00ECD6D /* MidiHub.cpp in Sources */ = {isa = PBXBuildFile; fileRef = 407129EC331145AAB367CF75 /* MidiHub.cpp */; };
		2633042A60004CD2B44B92C3 /* RtMidi.cpp in Sources */ = {isa = PBXBuildFile; fileRef = 534B434661804451956D1F00 /* RtMidi.cpp */; };
		F49AF223C8284D579115881F /* RtMidi.h in Headers */ = {isa = PBXBuildFile; fileRef = F4184B79EF9B47389DB52F3E /* RtMidi.h */; };
		F4D9CF2F2EB54A80B375D4D0 /* MidiOut.h in Headers */ = {isa = PBXBuildFile; fileRef = 57F3DD4C8679401D99FDC70D /* MidiOut.h */; };
		822B8656921C4BBEAC20EB20 /* MidiHub.h in Headers */ = {isa = PBXBuildFile; fileRef = 82DAF810FC4149858770564C /* MidiHub.h */; };
		7C1EB93B163C4C9FBBC9AD6F /* MidiExceptions.h in Headers */ = {isa = PBXBuildFile; fileRef = C8C6F4B2CF2541F48EF762AA /* MidiExceptions.h */; };
		02E454878B094D70A1AD9FC3 /* CinderMidi.h in Headers */ = {isa = PBXBuildFile; fileRef = 966C0D3D85324CB589A6ECB9 /* CinderMidi.h */; };
		830EA067943748CF936BDFEB /* imgui_demo.cpp in Sources */ = {isa = PBXBuildFile; fileRef = 60F7E47AE7354618A16D44AD /* imgui_demo.cpp */; };
		C26756F589784DE88DB54998 /* imgui_draw.cpp in Sources */ = {isa = PBXBuildFile; fileRef = D41A486A8C734DF3B2DC8212 /* imgui_draw.cpp */; };
		68F3FBF582A44078B769FC0B /* imgui.cpp in Sources */ = {isa = PBXBuildFile; fileRef = 82EABE8506C44B4DBB6E7E58 /* imgui.cpp */; };
		3582F6ABB30F465099BBED53 /* CinderImGui.cpp in Sources */ = {isa = PBXBuildFile; fileRef = 9E5BC098CC4F47288779B5A9 /* CinderImGui.cpp */; };
		230C45B316AA45B0AA6E518A /* imgui_internal.h in Headers */ = {isa = PBXBuildFile; fileRef = 75E5FF09AAC44AC589BE8AE2 /* imgui_internal.h */; };
		E9CA03525A80448EBE278B8C /* imgui.h in Headers */ = {isa = PBXBuildFile; fileRef = CAB5890AD5544E4AB453378A /* imgui.h */; };
		A2706F09164040B8BE8338EF /* imconfig.h in Headers */ = {isa = PBXBuildFile; fileRef = 449B0ECB5009485785A99184 /* imconfig.h */; };
		AD54446DE4A649C78D2F8829 /* imgui_user.inl in Headers */ = {isa = PBXBuildFile; fileRef = A916787DCBA6485B8B8D64D5 /* imgui_user.inl */; };
		361CF5702625429DBAE22221 /* imgui_user.h in Headers */ = {isa = PBXBuildFile; fileRef = 6AF0FB7290E549EBA11A629D /* imgui_user.h */; };
		DEEA52F48F5F441096EE3A81 /* CinderImGui.h in Headers */ = {isa = PBXBuildFile; fileRef = BC9835D6E6D64F53BD4A8F73 /* CinderImGui.h */; };
		F0C7E326F3BB4B579D54145E /* QuickTime.framework in Frameworks */ = {isa = PBXBuildFile; fileRef = E841774A18894ACC983474D5 /* QuickTime.framework */; };
		5B5B71919B1242A185403FC4 /* ScaledCoCgYToRGBA.frag in Resources */ = {isa = PBXBuildFile; fileRef = 4F3D3E5CB85D461093E79FEE /* ScaledCoCgYToRGBA.frag */; };
		9A43A314D4A145F4B9AF97AC /* ScaledCoCgYToRGBA.vert in Resources */ = {isa = PBXBuildFile; fileRef = 906DF02614594E2993D96D8F /* ScaledCoCgYToRGBA.vert */; };
		0E48A3A2259849A491A40594 /* MovieHap.h in Headers */ = {isa = PBXBuildFile; fileRef = 4FA1197ECD6B491D926D9AD8 /* MovieHap.h */; };
		402DC98D82BC4E4ABC2C034C /* HapSupport.h in Headers */ = {isa = PBXBuildFile; fileRef = DD481B33299341368809C7C1 /* HapSupport.h */; };
		8363FFBE0C314F6F9E974F7B /* HapSupport.c in Sources */ = {isa = PBXBuildFile; fileRef = 4252EC3039F948719D53C68A /* HapSupport.c */; };
		A2DBA291DEE2471FBF416CD4 /* MovieHap.cpp in Sources */ = {isa = PBXBuildFile; fileRef = D68BF36B075A44D599D91888 /* MovieHap.cpp */; };
		CADEDDC901A043F7B543DA2E /* HapPlayerApp.cpp in Sources */ = {isa = PBXBuildFile; fileRef = 5EBB43DFE4AC412BA6918B6D /* HapPlayerApp.cpp */; };
		2839F836C657453983A03CF5 /* HapPlayer_Prefix.pch in Headers */ = {isa = PBXBuildFile; fileRef = 55E1A0C1D5FD4805AFCF8462 /* HapPlayer_Prefix.pch */; };
		83A85E4D90744B098B2CCCB6 /* CinderApp.icns in Resources */ = {isa = PBXBuildFile; fileRef = 15FB9723319E440E82BD23F2 /* CinderApp.icns */; };
		E2DD22809AA7437AB13635AA /* Resources.h in Headers */ = {isa = PBXBuildFile; fileRef = 2CCC494DF9D84C24B9D7B56D /* Resources.h */; };
/* End PBXBuildFile section */

/* Begin PBXFileReference section */
		006D720219952D00008149E2 /* AVFoundation.framework */ = {isa = PBXFileReference; lastKnownFileType = wrapper.framework; name = AVFoundation.framework; path = System/Library/Frameworks/AVFoundation.framework; sourceTree = SDKROOT; };
		006D720319952D00008149E2 /* CoreMedia.framework */ = {isa = PBXFileReference; lastKnownFileType = wrapper.framework; name = CoreMedia.framework; path = System/Library/Frameworks/CoreMedia.framework; sourceTree = SDKROOT; };
		0091D8F80E81B9330029341E /* OpenGL.framework */ = {isa = PBXFileReference; lastKnownFileType = wrapper.framework; name = OpenGL.framework; path = /System/Library/Frameworks/OpenGL.framework; sourceTree = "<absolute>"; };
		00B784AF0FF439BC000DE1D7 /* Accelerate.framework */ = {isa = PBXFileReference; lastKnownFileType = wrapper.framework; name = Accelerate.framework; path = System/Library/Frameworks/Accelerate.framework; sourceTree = SDKROOT; };
		00B784B00FF439BC000DE1D7 /* AudioToolbox.framework */ = {isa = PBXFileReference; lastKnownFileType = wrapper.framework; name = AudioToolbox.framework; path = System/Library/Frameworks/AudioToolbox.framework; sourceTree = SDKROOT; };
		00B784B10FF439BC000DE1D7 /* AudioUnit.framework */ = {isa = PBXFileReference; lastKnownFileType = wrapper.framework; name = AudioUnit.framework; path = System/Library/Frameworks/AudioUnit.framework; sourceTree = SDKROOT; };
		00B784B20FF439BC000DE1D7 /* CoreAudio.framework */ = {isa = PBXFileReference; lastKnownFileType = wrapper.framework; name = CoreAudio.framework; path = System/Library/Frameworks/CoreAudio.framework; sourceTree = SDKROOT; };
		00B995581B128DF400A5C623 /* IOKit.framework */ = {isa = PBXFileReference; lastKnownFileType = wrapper.framework; name = IOKit.framework; path = System/Library/Frameworks/IOKit.framework; sourceTree = SDKROOT; };
		00B995591B128DF400A5C623 /* IOSurface.framework */ = {isa = PBXFileReference; lastKnownFileType = wrapper.framework; name = IOSurface.framework; path = System/Library/Frameworks/IOSurface.framework; sourceTree = SDKROOT; };
		1058C7A1FEA54F0111CA2CBB /* Cocoa.framework */ = {isa = PBXFileReference; lastKnownFileType = wrapper.framework; name = Cocoa.framework; path = /System/Library/Frameworks/Cocoa.framework; sourceTree = "<absolute>"; };
		29B97324FDCFA39411CA2CEA /* AppKit.framework */ = {isa = PBXFileReference; lastKnownFileType = wrapper.framework; name = AppKit.framework; path = /System/Library/Frameworks/AppKit.framework; sourceTree = "<absolute>"; };
		29B97325FDCFA39411CA2CEA /* Foundation.framework */ = {isa = PBXFileReference; lastKnownFileType = wrapper.framework; name = Foundation.framework; path = /System/Library/Frameworks/Foundation.framework; sourceTree = "<absolute>"; };
		5323E6B10EAFCA74003A9687 /* CoreVideo.framework */ = {isa = PBXFileReference; lastKnownFileType = wrapper.framework; name = CoreVideo.framework; path = /System/Library/Frameworks/CoreVideo.framework; sourceTree = "<absolute>"; };
		8D1107320486CEB800E47090 /* HapPlayer.app */ = {isa = PBXFileReference; explicitFileType = wrapper.application; includeInIndex = 0; path = HapPlayer.app; sourceTree = BUILT_PRODUCTS_DIR; };
		2CCC494DF9D84C24B9D7B56D /* Resources.h */ = {isa = PBXFileReference; lastKnownFileType = sourcecode.c.h; path = ../include/Resources.h; sourceTree = "<group>"; name = Resources.h; };
		15FB9723319E440E82BD23F2 /* CinderApp.icns */ = {isa = PBXFileReference; lastKnownFileType = image.icns; path = ../resources/CinderApp.icns; sourceTree = "<group>"; name = CinderApp.icns; };
		7346B912A43F41E1AC180E9A /* Info.plist */ = {isa = PBXFileReference; lastKnownFileType = text.plist.xml; path = Info.plist; sourceTree = "<group>"; name = Info.plist; };
		55E1A0C1D5FD4805AFCF8462 /* HapPlayer_Prefix.pch */ = {isa = PBXFileReference; lastKnownFileType = "\"\""; path = HapPlayer_Prefix.pch; sourceTree = "<group>"; name = HapPlayer_Prefix.pch; };
		5EBB43DFE4AC412BA6918B6D /* HapPlayerApp.cpp */ = {isa = PBXFileReference; lastKnownFileType = sourcecode.c.cpp; path = ../src/HapPlayerApp.cpp; sourceTree = "<group>"; name = HapPlayerApp.cpp; };
		D68BF36B075A44D599D91888 /* MovieHap.cpp */ = {isa = PBXFileReference; lastKnownFileType = sourcecode.c.cpp; path = "../../../Cinder/blocks/Cinder-Hap2/src/MovieHap.cpp"; sourceTree = "<group>"; name = MovieHap.cpp; };
		4252EC3039F948719D53C68A /* HapSupport.c */ = {isa = PBXFileReference; lastKnownFileType = "\"\""; path = "../../../Cinder/blocks/Cinder-Hap2/src/HapSupport.c"; sourceTree = "<group>"; name = HapSupport.c; };
		DD481B33299341368809C7C1 /* HapSupport.h */ = {isa = PBXFileReference; lastKnownFileType = sourcecode.c.h; path = "../../../Cinder/blocks/Cinder-Hap2/src/HapSupport.h"; sourceTree = "<group>"; name = HapSupport.h; };
		4FA1197ECD6B491D926D9AD8 /* MovieHap.h */ = {isa = PBXFileReference; lastKnownFileType = sourcecode.c.h; path = "../../../Cinder/blocks/Cinder-Hap2/src/MovieHap.h"; sourceTree = "<group>"; name = MovieHap.h; };
		906DF02614594E2993D96D8F /* ScaledCoCgYToRGBA.vert */ = {isa = PBXFileReference; lastKnownFileType = "\"\""; path = "../../../Cinder/blocks/Cinder-Hap2/resources/ScaledCoCgYToRGBA.vert"; sourceTree = "<group>"; name = ScaledCoCgYToRGBA.vert; };
		4F3D3E5CB85D461093E79FEE /* ScaledCoCgYToRGBA.frag */ = {isa = PBXFileReference; lastKnownFileType = "\"\""; path = "../../../Cinder/blocks/Cinder-Hap2/resources/ScaledCoCgYToRGBA.frag"; sourceTree = "<group>"; name = ScaledCoCgYToRGBA.frag; };
		E841774A18894ACC983474D5 /* QuickTime.framework */ = {isa = PBXFileReference; lastKnownFileType = wrapper.framework; path = System/Library/Frameworks/QuickTime.framework; sourceTree = SDKROOT; name = QuickTime.framework; };
		BC9835D6E6D64F53BD4A8F73 /* CinderImGui.h */ = {isa = PBXFileReference; lastKnownFileType = sourcecode.c.h; path = "../../../Cinder/blocks/Cinder-ImGui/include/CinderImGui.h"; sourceTree = "<group>"; name = CinderImGui.h; };
		6AF0FB7290E549EBA11A629D /* imgui_user.h */ = {isa = PBXFileReference; lastKnownFileType = sourcecode.c.h; path = "../../../Cinder/blocks/Cinder-ImGui/include/imgui_user.h"; sourceTree = "<group>"; name = imgui_user.h; };
		A916787DCBA6485B8B8D64D5 /* imgui_user.inl */ = {isa = PBXFileReference; lastKnownFileType = "\"\""; path = "../../../Cinder/blocks/Cinder-ImGui/include/imgui_user.inl"; sourceTree = "<group>"; name = imgui_user.inl; };
		449B0ECB5009485785A99184 /* imconfig.h */ = {isa = PBXFileReference; lastKnownFileType = sourcecode.c.h; path = "../../../Cinder/blocks/Cinder-ImGui/lib/imgui/imconfig.h"; sourceTree = "<group>"; name = imconfig.h; };
		CAB5890AD5544E4AB453378A /* imgui.h */ = {isa = PBXFileReference; lastKnownFileType = sourcecode.c.h; path = "../../../Cinder/blocks/Cinder-ImGui/lib/imgui/imgui.h"; sourceTree = "<group>"; name = imgui.h; };
		75E5FF09AAC44AC589BE8AE2 /* imgui_internal.h */ = {isa = PBXFileReference; lastKnownFileType = sourcecode.c.h; path = "../../../Cinder/blocks/Cinder-ImGui/lib/imgui/imgui_internal.h"; sourceTree = "<group>"; name = imgui_internal.h; };
		9E5BC098CC4F47288779B5A9 /* CinderImGui.cpp */ = {isa = PBXFileReference; lastKnownFileType = sourcecode.c.cpp; path = "../../../Cinder/blocks/Cinder-ImGui/src/CinderImGui.cpp"; sourceTree = "<group>"; name = CinderImGui.cpp; };
		82EABE8506C44B4DBB6E7E58 /* imgui.cpp */ = {isa = PBXFileReference; lastKnownFileType = sourcecode.c.cpp; path = "../../../Cinder/blocks/Cinder-ImGui/lib/imgui/imgui.cpp"; sourceTree = "<group>"; name = imgui.cpp; };
		D41A486A8C734DF3B2DC8212 /* imgui_draw.cpp */ = {isa = PBXFileReference; lastKnownFileType = sourcecode.c.cpp; path = "../../../Cinder/blocks/Cinder-ImGui/lib/imgui/imgui_draw.cpp"; sourceTree = "<group>"; name = imgui_draw.cpp; };
		60F7E47AE7354618A16D44AD /* imgui_demo.cpp */ = {isa = PBXFileReference; lastKnownFileType = sourcecode.c.cpp; path = "../../../Cinder/blocks/Cinder-ImGui/lib/imgui/imgui_demo.cpp"; sourceTree = "<group>"; name = imgui_demo.cpp; };
		966C0D3D85324CB589A6ECB9 /* CinderMidi.h */ = {isa = PBXFileReference; lastKnownFileType = sourcecode.c.h; path = "../../../Cinder/blocks/Cinder-MIDI2/include/CinderMidi.h"; sourceTree = "<group>"; name = CinderMidi.h; };
		C8C6F4B2CF2541F48EF762AA /* MidiExceptions.h */ = {isa = PBXFileReference; lastKnownFileType = sourcecode.c.h; path = "../../../Cinder/blocks/Cinder-MIDI2/include/MidiExceptions.h"; sourceTree = "<group>"; name = MidiExceptions.h; };
		82DAF810FC4149858770564C /* MidiHub.h */ = {isa = PBXFileReference; lastKnownFileType = sourcecode.c.h; path = "../../../Cinder/blocks/Cinder-MIDI2/include/MidiHub.h"; sourceTree = "<group>"; name = MidiHub.h; };
		57F3DD4C8679401D99FDC70D /* MidiOut.h */ = {isa = PBXFileReference; lastKnownFileType = sourcecode.c.h; path = "../../../Cinder/blocks/Cinder-MIDI2/include/MidiOut.h"; sourceTree = "<group>"; name = MidiOut.h; };
		F4184B79EF9B47389DB52F3E /* RtMidi.h */ = {isa = PBXFileReference; lastKnownFileType = sourcecode.c.h; path = "../../../Cinder/blocks/Cinder-MIDI2/lib/RtMidi.h"; sourceTree = "<group>"; name = RtMidi.h; };
		534B434661804451956D1F00 /* RtMidi.cpp */ = {isa = PBXFileReference; lastKnownFileType = sourcecode.c.cpp; path = "../../../Cinder/blocks/Cinder-MIDI2/lib/RtMidi.cpp"; sourceTree = "<group>"; name = RtMidi.cpp; };
		407129EC331145AAB367CF75 /* MidiHub.cpp */ = {isa = PBXFileReference; lastKnownFileType = sourcecode.c.cpp; path = "../../../Cinder/blocks/Cinder-MIDI2/src/MidiHub.cpp"; sourceTree = "<group>"; name = MidiHub.cpp; };
		10FF250C89D348869F6DA551 /* CinderMidi.cpp */ = {isa = PBXFileReference; lastKnownFileType = sourcecode.c.cpp; path = "../../../Cinder/blocks/Cinder-MIDI2/src/CinderMidi.cpp"; sourceTree = "<group>"; name = CinderMidi.cpp; };
		EE270C41A0BC46EE90654B6E /* MidiOut.cpp */ = {isa = PBXFileReference; lastKnownFileType = sourcecode.c.cpp; path = "../../../Cinder/blocks/Cinder-MIDI2/src/MidiOut.cpp"; sourceTree = "<group>"; name = MidiOut.cpp; };
		8FFD9E1F14904E15A8E6E4AE /* CoreMIDI.framework */ = {isa = PBXFileReference; lastKnownFileType = wrapper.framework; path = System/Library/Frameworks/CoreMIDI.framework; sourceTree = SDKROOT; name = CoreMIDI.framework; };
		DF8ABE40902C4B53B62AA2FF /* VDLog.h */ = {isa = PBXFileReference; lastKnownFileType = sourcecode.c.h; path = "../../../Cinder/blocks/Cinder-Videodromm/include/VDLog.h"; sourceTree = "<group>"; name = VDLog.h; };
		770C4FB030494BA3B14E3190 /* VDRouter.h */ = {isa = PBXFileReference; lastKnownFileType = sourcecode.c.h; path = "../../../Cinder/blocks/Cinder-Videodromm/include/VDRouter.h"; sourceTree = "<group>"; name = VDRouter.h; };
		C41A04596AD34CF691FFF31F /* VDSettings.h */ = {isa = PBXFileReference; lastKnownFileType = sourcecode.c.h; path = "../../../Cinder/blocks/Cinder-Videodromm/include/VDSettings.h"; sourceTree = "<group>"; name = VDSettings.h; };
		D16581D4707140C9B3F242EF /* VDUtils.h */ = {isa = PBXFileReference; lastKnownFileType = sourcecode.c.h; path = "../../../Cinder/blocks/Cinder-Videodromm/include/VDUtils.h"; sourceTree = "<group>"; name = VDUtils.h; };
		405C09AD3A184AA59C627E34 /* VDLog.cpp */ = {isa = PBXFileReference; lastKnownFileType = sourcecode.c.cpp; path = "../../../Cinder/blocks/Cinder-Videodromm/src/VDLog.cpp"; sourceTree = "<group>"; name = VDLog.cpp; };
		1822FF2882E04C1DA15C647C /* VDRouter.cpp */ = {isa = PBXFileReference; lastKnownFileType = sourcecode.c.cpp; path = "../../../Cinder/blocks/Cinder-Videodromm/src/VDRouter.cpp"; sourceTree = "<group>"; name = VDRouter.cpp; };
		D85BCC1185D4486D992B93B3 /* VDSettings.cpp */ = {isa = PBXFileReference; lastKnownFileType = sourcecode.c.cpp; path = "../../../Cinder/blocks/Cinder-Videodromm/src/VDSettings.cpp"; sourceTree = "<group>"; name = VDSettings.cpp; };
		4AF401D98AD74C179933ED55 /* VDUtils.cpp */ = {isa = PBXFileReference; lastKnownFileType = sourcecode.c.cpp; path = "../../../Cinder/blocks/Cinder-Videodromm/src/VDUtils.cpp"; sourceTree = "<group>"; name = VDUtils.cpp; };
		AB0A0F4A6C814D46B17DFF8A /* Warp.h */ = {isa = PBXFileReference; lastKnownFileType = sourcecode.c.h; path = "../../../Cinder/blocks/Cinder-Warping/include/Warp.h"; sourceTree = "<group>"; name = Warp.h; };
		58A5BF19387849CB96A9F102 /* Warp.cpp */ = {isa = PBXFileReference; lastKnownFileType = sourcecode.c.cpp; path = "../../../Cinder/blocks/Cinder-Warping/src/Warp.cpp"; sourceTree = "<group>"; name = Warp.cpp; };
		5FF35E3ECA2247E8BA68B36D /* WarpBilinear.cpp */ = {isa = PBXFileReference; lastKnownFileType = sourcecode.c.cpp; path = "../../../Cinder/blocks/Cinder-Warping/src/WarpBilinear.cpp"; sourceTree = "<group>"; name = WarpBilinear.cpp; };
		6E67492925844A92B8826FD9 /* WarpPerspective.cpp */ = {isa = PBXFileReference; lastKnownFileType = sourcecode.c.cpp; path = "../../../Cinder/blocks/Cinder-Warping/src/WarpPerspective.cpp"; sourceTree = "<group>"; name = WarpPerspective.cpp; };
		A51892C4FE0D4B818241E03E /* WarpPerspectiveBilinear.cpp */ = {isa = PBXFileReference; lastKnownFileType = sourcecode.c.cpp; path = "../../../Cinder/blocks/Cinder-Warping/src/WarpPerspectiveBilinear.cpp"; sourceTree = "<group>"; name = WarpPerspectiveBilinear.cpp; };
		A75F67563BE24D0E84DC9335 /* WebSocketClient.cpp */ = {isa = PBXFileReference; lastKnownFileType = sourcecode.c.cpp; path = "../../../Cinder/blocks/Cinder-WebSocketPP/src/WebSocketClient.cpp"; sourceTree = "<group>"; name = WebSocketClient.cpp; };
		28311A777C08479D9CE55F80 /* WebSocketConnection.cpp */ = {isa = PBXFileReference; lastKnownFileType = sourcecode.c.cpp; path = "../../../Cinder/blocks/Cinder-WebSocketPP/src/WebSocketConnection.cpp"; sourceTree = "<group>"; name = WebSocketConnection.cpp; };
		E702807169B34105AF2FD971 /* WebSocketServer.cpp */ = {isa = PBXFileReference; lastKnownFileType = sourcecode.c.cpp; path = "../../../Cinder/blocks/Cinder-WebSocketPP/src/WebSocketServer.cpp"; sourceTree = "<group>"; name = WebSocketServer.cpp; };
		78D522236707442BA0EF6C42 /* WebSocketClient.h */ = {isa = PBXFileReference; lastKnownFileType = sourcecode.c.h; path = "../../../Cinder/blocks/Cinder-WebSocketPP/src/WebSocketClient.h"; sourceTree = "<group>"; name = WebSocketClient.h; };
		95B57F15EE794ED8A2E57479 /* WebSocketConnection.h */ = {isa = PBXFileReference; lastKnownFileType = sourcecode.c.h; path = "../../../Cinder/blocks/Cinder-WebSocketPP/src/WebSocketConnection.h"; sourceTree = "<group>"; name = WebSocketConnection.h; };
		9FBF088FCD9C49DD875F0238 /* WebSocketServer.h */ = {isa = PBXFileReference; lastKnownFileType = sourcecode.c.h; path = "../../../Cinder/blocks/Cinder-WebSocketPP/src/WebSocketServer.h"; sourceTree = "<group>"; name = WebSocketServer.h; };
		43806C0608D94C98BCE8406C /* OscBundle.cpp */ = {isa = PBXFileReference; lastKnownFileType = sourcecode.c.cpp; path = ../../../Cinder/blocks/OSC/src/OscBundle.cpp; sourceTree = "<group>"; name = OscBundle.cpp; };
		E1ED7C7F3A8B4B848F1EF9D5 /* OscListener.cpp */ = {isa = PBXFileReference; lastKnownFileType = sourcecode.c.cpp; path = ../../../Cinder/blocks/OSC/src/OscListener.cpp; sourceTree = "<group>"; name = OscListener.cpp; };
		C33E2F2A06C741E5BCAB20E8 /* OscMessage.cpp */ = {isa = PBXFileReference; lastKnownFileType = sourcecode.c.cpp; path = ../../../Cinder/blocks/OSC/src/OscMessage.cpp; sourceTree = "<group>"; name = OscMessage.cpp; };
		4FC86BDB4A7B496C9718BEEA /* OscSender.cpp */ = {isa = PBXFileReference; lastKnownFileType = sourcecode.c.cpp; path = ../../../Cinder/blocks/OSC/src/OscSender.cpp; sourceTree = "<group>"; name = OscSender.cpp; };
		38D684A386294CCB8B01E979 /* IpEndpointName.cpp */ = {isa = PBXFileReference; lastKnownFileType = sourcecode.c.cpp; path = ../../../Cinder/blocks/OSC/src/ip/IpEndpointName.cpp; sourceTree = "<group>"; name = IpEndpointName.cpp; };
		ABB50D27724744599952BF6C /* OscOutboundPacketStream.cpp */ = {isa = PBXFileReference; lastKnownFileType = sourcecode.c.cpp; path = ../../../Cinder/blocks/OSC/src/osc/OscOutboundPacketStream.cpp; sourceTree = "<group>"; name = OscOutboundPacketStream.cpp; };
		B7120142C06F44D1B5EC9ED7 /* OscPrintReceivedElements.cpp */ = {isa = PBXFileReference; lastKnownFileType = sourcecode.c.cpp; path = ../../../Cinder/blocks/OSC/src/osc/OscPrintReceivedElements.cpp; sourceTree = "<group>"; name = OscPrintReceivedElements.cpp; };
		20773A5D00704BFFBB0E97E5 /* OscReceivedElements.cpp */ = {isa = PBXFileReference; lastKnownFileType = sourcecode.c.cpp; path = ../../../Cinder/blocks/OSC/src/osc/OscReceivedElements.cpp; sourceTree = "<group>"; name = OscReceivedElements.cpp; };
		307BBB628A9C4F23BA6204D7 /* OscTypes.cpp */ = {isa = PBXFileReference; lastKnownFileType = sourcecode.c.cpp; path = ../../../Cinder/blocks/OSC/src/osc/OscTypes.cpp; sourceTree = "<group>"; name = OscTypes.cpp; };
		6520EAA67E7B42E08C3B1677 /* OscArg.h */ = {isa = PBXFileReference; lastKnownFileType = sourcecode.c.h; path = ../../../Cinder/blocks/OSC/src/OscArg.h; sourceTree = "<group>"; name = OscArg.h; };
		1C2DAC39980844A7AB85D503 /* OscBundle.h */ = {isa = PBXFileReference; lastKnownFileType = sourcecode.c.h; path = ../../../Cinder/blocks/OSC/src/OscBundle.h; sourceTree = "<group>"; name = OscBundle.h; };
		7F0522F892A94E2982DEE10C /* OscListener.h */ = {isa = PBXFileReference; lastKnownFileType = sourcecode.c.h; path = ../../../Cinder/blocks/OSC/src/OscListener.h; sourceTree = "<group>"; name = OscListener.h; };
		8CEDB4E21DAA42C1A17C7139 /* OscMessage.h */ = {isa = PBXFileReference; lastKnownFileType = sourcecode.c.h; path = ../../../Cinder/blocks/OSC/src/OscMessage.h; sourceTree = "<group>"; name = OscMessage.h; };
		B6D96502ADFF4D3194C08957 /* OscSender.h */ = {isa = PBXFileReference; lastKnownFileType = sourcecode.c.h; path = ../../../Cinder/blocks/OSC/src/OscSender.h; sourceTree = "<group>"; name = OscSender.h; };
		48A91CC2D78343029C2691BB /* IpEndpointName.h */ = {isa = PBXFileReference; lastKnownFileType = sourcecode.c.h; path = ../../../Cinder/blocks/OSC/src/ip/IpEndpointName.h; sourceTree = "<group>"; name = IpEndpointName.h; };
		9C8AC21F0FC04F37B2BE62ED /* NetworkingUtils.h */ = {isa = PBXFileReference; lastKnownFileType = sourcecode.c.h; path = ../../../Cinder/blocks/OSC/src/ip/NetworkingUtils.h; sourceTree = "<group>"; name = NetworkingUtils.h; };
		EC6844426A0D45FE80B5C742 /* PacketListener.h */ = {isa = PBXFileReference; lastKnownFileType = sourcecode.c.h; path = ../../../Cinder/blocks/OSC/src/ip/PacketListener.h; sourceTree = "<group>"; name = PacketListener.h; };
		E9034082CE28457DB35B0032 /* TimerListener.h */ = {isa = PBXFileReference; lastKnownFileType = sourcecode.c.h; path = ../../../Cinder/blocks/OSC/src/ip/TimerListener.h; sourceTree = "<group>"; name = TimerListener.h; };
		46A38C8B8A7E4D6FB0317C8C /* UdpSocket.h */ = {isa = PBXFileReference; lastKnownFileType = sourcecode.c.h; path = ../../../Cinder/blocks/OSC/src/ip/UdpSocket.h; sourceTree = "<group>"; name = UdpSocket.h; };
		E28A17D6C60F4BA6B3A31BB9 /* MessageMappingOscPacketListener.h */ = {isa = PBXFileReference; lastKnownFileType = sourcecode.c.h; path = ../../../Cinder/blocks/OSC/src/osc/MessageMappingOscPacketListener.h; sourceTree = "<group>"; name = MessageMappingOscPacketListener.h; };
		20849AE7B2044459A020659A /* OscException.h */ = {isa = PBXFileReference; lastKnownFileType = sourcecode.c.h; path = ../../../Cinder/blocks/OSC/src/osc/OscException.h; sourceTree = "<group>"; name = OscException.h; };
		F94BD1C361AD4BD1B75291F2 /* OscHostEndianness.h */ = {isa = PBXFileReference; lastKnownFileType = sourcecode.c.h; path = ../../../Cinder/blocks/OSC/src/osc/OscHostEndianness.h; sourceTree = "<group>"; name = OscHostEndianness.h; };
		604C50F2BB314880B5623BB5 /* OscOutboundPacketStream.h */ = {isa = PBXFileReference; lastKnownFileType = sourcecode.c.h; path = ../../../Cinder/blocks/OSC/src/osc/OscOutboundPacketStream.h; sourceTree = "<group>"; name = OscOutboundPacketStream.h; };
		43FB534BC2D6414AB5F3E50B /* OscPacketListener.h */ = {isa = PBXFileReference; lastKnownFileType = sourcecode.c.h; path = ../../../Cinder/blocks/OSC/src/osc/OscPacketListener.h; sourceTree = "<group>"; name = OscPacketListener.h; };
		943C758701DA4D39B728CF29 /* OscPrintReceivedElements.h */ = {isa = PBXFileReference; lastKnownFileType = sourcecode.c.h; path = ../../../Cinder/blocks/OSC/src/osc/OscPrintReceivedElements.h; sourceTree = "<group>"; name = OscPrintReceivedElements.h; };
		5EDC4D841D9145C39309EF8E /* OscReceivedElements.h */ = {isa = PBXFileReference; lastKnownFileType = sourcecode.c.h; path = ../../../Cinder/blocks/OSC/src/osc/OscReceivedElements.h; sourceTree = "<group>"; name = OscReceivedElements.h; };
		2AD40C5FA4EF428AAC7F8FF8 /* OscTypes.h */ = {isa = PBXFileReference; lastKnownFileType = sourcecode.c.h; path = ../../../Cinder/blocks/OSC/src/osc/OscTypes.h; sourceTree = "<group>"; name = OscTypes.h; };
		3B790D56263E4A7C89CF7CB1 /* NetworkingUtils.cpp */ = {isa = PBXFileReference; lastKnownFileType = sourcecode.c.cpp; path = ../../../Cinder/blocks/OSC/src/ip/posix/NetworkingUtils.cpp; sourceTree = "<group>"; name = NetworkingUtils.cpp; };
		E815A09FF5334F87AE658FD9 /* UdpSocket.cpp */ = {isa = PBXFileReference; lastKnownFileType = sourcecode.c.cpp; path = ../../../Cinder/blocks/OSC/src/ip/posix/UdpSocket.cpp; sourceTree = "<group>"; name = UdpSocket.cpp; };
		ED42372E04F14EA0881AE559 /* UnionJack.h */ = {isa = PBXFileReference; lastKnownFileType = sourcecode.c.h; path = ../../../Cinder/blocks/UnionJack/include/UnionJack.h; sourceTree = "<group>"; name = UnionJack.h; };
		EF6039B5913641499B48E4F9 /* UnionJack.cpp */ = {isa = PBXFileReference; lastKnownFileType = sourcecode.c.cpp; path = ../../../Cinder/blocks/UnionJack/src/UnionJack.cpp; sourceTree = "<group>"; name = UnionJack.cpp; };
/* End PBXFileReference section */

/* Begin PBXFrameworksBuildPhase section */
		8D11072E0486CEB800E47090 /* Frameworks */ = {
			isa = PBXFrameworksBuildPhase;
			buildActionMask = 2147483647;
			files = (
				006D720419952D00008149E2 /* AVFoundation.framework in Frameworks */,
				006D720519952D00008149E2 /* CoreMedia.framework in Frameworks */,
				8D11072F0486CEB800E47090 /* Cocoa.framework in Frameworks */,
				0091D8F90E81B9330029341E /* OpenGL.framework in Frameworks */,
				5323E6B20EAFCA74003A9687 /* CoreVideo.framework in Frameworks */,
				00B784B30FF439BC000DE1D7 /* Accelerate.framework in Frameworks */,
				00B784B40FF439BC000DE1D7 /* AudioToolbox.framework in Frameworks */,
				00B784B50FF439BC000DE1D7 /* AudioUnit.framework in Frameworks */,
				00B784B60FF439BC000DE1D7 /* CoreAudio.framework in Frameworks */,
				00B9955A1B128DF400A5C623 /* IOKit.framework in Frameworks */,
				00B9955B1B128DF400A5C623 /* IOSurface.framework in Frameworks */,
				F0C7E326F3BB4B579D54145E /* QuickTime.framework in Frameworks */,
				089C51791D4A4D29A5326549 /* CoreMIDI.framework in Frameworks */,
			);
			runOnlyForDeploymentPostprocessing = 0;
		};
/* End PBXFrameworksBuildPhase section */

/* Begin PBXGroup section */
		080E96DDFE201D6D7F000001 /* Source */ = {
			isa = PBXGroup;
			children = (
				5EBB43DFE4AC412BA6918B6D /* HapPlayerApp.cpp */,
			);
			name = Source;
			sourceTree = "<group>";
		};
		1058C7A0FEA54F0111CA2CBB /* Linked Frameworks */ = {
			isa = PBXGroup;
			children = (
				006D720219952D00008149E2 /* AVFoundation.framework */,
				006D720319952D00008149E2 /* CoreMedia.framework */,
				00B784AF0FF439BC000DE1D7 /* Accelerate.framework */,
				00B784B00FF439BC000DE1D7 /* AudioToolbox.framework */,
				00B784B10FF439BC000DE1D7 /* AudioUnit.framework */,
				00B784B20FF439BC000DE1D7 /* CoreAudio.framework */,
				5323E6B10EAFCA74003A9687 /* CoreVideo.framework */,
				0091D8F80E81B9330029341E /* OpenGL.framework */,
				1058C7A1FEA54F0111CA2CBB /* Cocoa.framework */,
				00B995581B128DF400A5C623 /* IOKit.framework */,
				00B995591B128DF400A5C623 /* IOSurface.framework */,
			);
			name = "Linked Frameworks";
			sourceTree = "<group>";
		};
		1058C7A2FEA54F0111CA2CBB /* Other Frameworks */ = {
			isa = PBXGroup;
			children = (
				29B97324FDCFA39411CA2CEA /* AppKit.framework */,
				29B97325FDCFA39411CA2CEA /* Foundation.framework */,
			);
			name = "Other Frameworks";
			sourceTree = "<group>";
		};
		19C28FACFE9D520D11CA2CBB /* Products */ = {
			isa = PBXGroup;
			children = (
				8D1107320486CEB800E47090 /* HapPlayer.app */,
			);
			name = Products;
			sourceTree = "<group>";
		};
		29B97314FDCFA39411CA2CEA /* HapPlayer */ = {
			isa = PBXGroup;
			children = (
				01B97315FEAEA392516A2CEA /* Blocks */,
				29B97315FDCFA39411CA2CEA /* Headers */,
				080E96DDFE201D6D7F000001 /* Source */,
				29B97317FDCFA39411CA2CEA /* Resources */,
				29B97323FDCFA39411CA2CEA /* Frameworks */,
				19C28FACFE9D520D11CA2CBB /* Products */,
			);
			name = HapPlayer;
			sourceTree = "<group>";
		};
		8DE763667AB14DC08BDFAC89 /* src */ = {
			isa = PBXGroup;
			children = (
				D68BF36B075A44D599D91888 /* MovieHap.cpp */,
				4252EC3039F948719D53C68A /* HapSupport.c */,
				DD481B33299341368809C7C1 /* HapSupport.h */,
				4FA1197ECD6B491D926D9AD8 /* MovieHap.h */,
			);
			name = src;
			sourceTree = "<group>";
		};
		EF30387C794246F8BF927320 /* resources */ = {
			isa = PBXGroup;
			children = (
				906DF02614594E2993D96D8F /* ScaledCoCgYToRGBA.vert */,
				4F3D3E5CB85D461093E79FEE /* ScaledCoCgYToRGBA.frag */,
			);
			name = resources;
			sourceTree = "<group>";
		};
		4FA7114163F64142B36C7B6F /* Cinder-Hap2 */ = {
			isa = PBXGroup;
			children = (
				8DE763667AB14DC08BDFAC89 /* src */,
				EF30387C794246F8BF927320 /* resources */,
			);
			name = "Cinder-Hap2";
			sourceTree = "<group>";
		};
		5FB44B16E3D04166B09E2F42 /* include */ = {
			isa = PBXGroup;
			children = (
				BC9835D6E6D64F53BD4A8F73 /* CinderImGui.h */,
				6AF0FB7290E549EBA11A629D /* imgui_user.h */,
				A916787DCBA6485B8B8D64D5 /* imgui_user.inl */,
			);
			name = include;
			sourceTree = "<group>";
		};
		1787DC60F1DA439CAD4AEC2E /* imgui */ = {
			isa = PBXGroup;
			children = (
				449B0ECB5009485785A99184 /* imconfig.h */,
				CAB5890AD5544E4AB453378A /* imgui.h */,
				75E5FF09AAC44AC589BE8AE2 /* imgui_internal.h */,
				82EABE8506C44B4DBB6E7E58 /* imgui.cpp */,
				D41A486A8C734DF3B2DC8212 /* imgui_draw.cpp */,
				60F7E47AE7354618A16D44AD /* imgui_demo.cpp */,
			);
			name = imgui;
			sourceTree = "<group>";
		};
		83ADDFE85B704A84BD5B56A2 /* lib */ = {
			isa = PBXGroup;
			children = (
				1787DC60F1DA439CAD4AEC2E /* imgui */,
			);
			name = lib;
			sourceTree = "<group>";
		};
		939607D0852146C0A9253355 /* src */ = {
			isa = PBXGroup;
			children = (
				9E5BC098CC4F47288779B5A9 /* CinderImGui.cpp */,
			);
			name = src;
			sourceTree = "<group>";
		};
		823056ADBF7C48DDA598650D /* ImGui */ = {
			isa = PBXGroup;
			children = (
				5FB44B16E3D04166B09E2F42 /* include */,
				83ADDFE85B704A84BD5B56A2 /* lib */,
				939607D0852146C0A9253355 /* src */,
			);
			name = ImGui;
			sourceTree = "<group>";
		};
		14266D9A12B64147B4BD0764 /* include */ = {
			isa = PBXGroup;
			children = (
				966C0D3D85324CB589A6ECB9 /* CinderMidi.h */,
				C8C6F4B2CF2541F48EF762AA /* MidiExceptions.h */,
				82DAF810FC4149858770564C /* MidiHub.h */,
				57F3DD4C8679401D99FDC70D /* MidiOut.h */,
			);
			name = include;
			sourceTree = "<group>";
		};
		298A2472E6224A7994AB6D1B /* lib */ = {
			isa = PBXGroup;
			children = (
				F4184B79EF9B47389DB52F3E /* RtMidi.h */,
				534B434661804451956D1F00 /* RtMidi.cpp */,
			);
			name = lib;
			sourceTree = "<group>";
		};
		442052F66D73422DB75EA42B /* src */ = {
			isa = PBXGroup;
			children = (
				407129EC331145AAB367CF75 /* MidiHub.cpp */,
				10FF250C89D348869F6DA551 /* CinderMidi.cpp */,
				EE270C41A0BC46EE90654B6E /* MidiOut.cpp */,
			);
			name = src;
			sourceTree = "<group>";
		};
		E4467AEBD3C841A6B4F45990 /* Midi2 */ = {
			isa = PBXGroup;
			children = (
				14266D9A12B64147B4BD0764 /* include */,
				298A2472E6224A7994AB6D1B /* lib */,
				442052F66D73422DB75EA42B /* src */,
			);
			name = Midi2;
			sourceTree = "<group>";
		};
		C03E0B4DA29E484D82C10F54 /* include */ = {
			isa = PBXGroup;
			children = (
				DF8ABE40902C4B53B62AA2FF /* VDLog.h */,
				770C4FB030494BA3B14E3190 /* VDRouter.h */,
				C41A04596AD34CF691FFF31F /* VDSettings.h */,
				D16581D4707140C9B3F242EF /* VDUtils.h */,
			);
			name = include;
			sourceTree = "<group>";
		};
		BF5CC1651450492CA33DDE59 /* src */ = {
			isa = PBXGroup;
			children = (
				405C09AD3A184AA59C627E34 /* VDLog.cpp */,
				1822FF2882E04C1DA15C647C /* VDRouter.cpp */,
				D85BCC1185D4486D992B93B3 /* VDSettings.cpp */,
				4AF401D98AD74C179933ED55 /* VDUtils.cpp */,
			);
			name = src;
			sourceTree = "<group>";
		};
		E7FB7BF7B64F4FD4B9C19F89 /* Videodromm */ = {
			isa = PBXGroup;
			children = (
				C03E0B4DA29E484D82C10F54 /* include */,
				BF5CC1651450492CA33DDE59 /* src */,
			);
			name = Videodromm;
			sourceTree = "<group>";
		};
		47067C96554F403E8539EC01 /* include */ = {
			isa = PBXGroup;
			children = (
				AB0A0F4A6C814D46B17DFF8A /* Warp.h */,
			);
			name = include;
			sourceTree = "<group>";
		};
		5EC52B81D1EA4966A3116801 /* src */ = {
			isa = PBXGroup;
			children = (
				58A5BF19387849CB96A9F102 /* Warp.cpp */,
				5FF35E3ECA2247E8BA68B36D /* WarpBilinear.cpp */,
				6E67492925844A92B8826FD9 /* WarpPerspective.cpp */,
				A51892C4FE0D4B818241E03E /* WarpPerspectiveBilinear.cpp */,
			);
			name = src;
			sourceTree = "<group>";
		};
		B7CB57D3D33748FBBBFA5349 /* Cinder-Warping */ = {
			isa = PBXGroup;
			children = (
				47067C96554F403E8539EC01 /* include */,
				5EC52B81D1EA4966A3116801 /* src */,
			);
			name = "Cinder-Warping";
			sourceTree = "<group>";
		};
		C381280C81A34866877E9345 /* src */ = {
			isa = PBXGroup;
			children = (
				A75F67563BE24D0E84DC9335 /* WebSocketClient.cpp */,
				28311A777C08479D9CE55F80 /* WebSocketConnection.cpp */,
				E702807169B34105AF2FD971 /* WebSocketServer.cpp */,
				78D522236707442BA0EF6C42 /* WebSocketClient.h */,
				95B57F15EE794ED8A2E57479 /* WebSocketConnection.h */,
				9FBF088FCD9C49DD875F0238 /* WebSocketServer.h */,
			);
			name = src;
			sourceTree = "<group>";
		};
		2AC7293A0A4D400DA23F7FB3 /* Cinder-WebSocketPP */ = {
			isa = PBXGroup;
			children = (
				C381280C81A34866877E9345 /* src */,
			);
			name = "Cinder-WebSocketPP";
			sourceTree = "<group>";
		};
		5E351891DF854E0E915B6BFD /* posix */ = {
			isa = PBXGroup;
			children = (
				3B790D56263E4A7C89CF7CB1 /* NetworkingUtils.cpp */,
				E815A09FF5334F87AE658FD9 /* UdpSocket.cpp */,
			);
			name = posix;
			sourceTree = "<group>";
		};
		13A6046BB2D24A7E8ECA6FB7 /* ip */ = {
			isa = PBXGroup;
			children = (
				38D684A386294CCB8B01E979 /* IpEndpointName.cpp */,
				48A91CC2D78343029C2691BB /* IpEndpointName.h */,
				9C8AC21F0FC04F37B2BE62ED /* NetworkingUtils.h */,
				EC6844426A0D45FE80B5C742 /* PacketListener.h */,
				E9034082CE28457DB35B0032 /* TimerListener.h */,
				46A38C8B8A7E4D6FB0317C8C /* UdpSocket.h */,
				5E351891DF854E0E915B6BFD /* posix */,
			);
			name = ip;
			sourceTree = "<group>";
		};
		C7A9F05A65B94854A8B20AAF /* osc */ = {
			isa = PBXGroup;
			children = (
				ABB50D27724744599952BF6C /* OscOutboundPacketStream.cpp */,
				B7120142C06F44D1B5EC9ED7 /* OscPrintReceivedElements.cpp */,
				20773A5D00704BFFBB0E97E5 /* OscReceivedElements.cpp */,
				307BBB628A9C4F23BA6204D7 /* OscTypes.cpp */,
				E28A17D6C60F4BA6B3A31BB9 /* MessageMappingOscPacketListener.h */,
				20849AE7B2044459A020659A /* OscException.h */,
				F94BD1C361AD4BD1B75291F2 /* OscHostEndianness.h */,
				604C50F2BB314880B5623BB5 /* OscOutboundPacketStream.h */,
				43FB534BC2D6414AB5F3E50B /* OscPacketListener.h */,
				943C758701DA4D39B728CF29 /* OscPrintReceivedElements.h */,
				5EDC4D841D9145C39309EF8E /* OscReceivedElements.h */,
				2AD40C5FA4EF428AAC7F8FF8 /* OscTypes.h */,
			);
			name = osc;
			sourceTree = "<group>";
		};
		0C98A08E6BC44043B3EC9E2B /* src */ = {
			isa = PBXGroup;
			children = (
				43806C0608D94C98BCE8406C /* OscBundle.cpp */,
				E1ED7C7F3A8B4B848F1EF9D5 /* OscListener.cpp */,
				C33E2F2A06C741E5BCAB20E8 /* OscMessage.cpp */,
				4FC86BDB4A7B496C9718BEEA /* OscSender.cpp */,
				13A6046BB2D24A7E8ECA6FB7 /* ip */,
				C7A9F05A65B94854A8B20AAF /* osc */,
				6520EAA67E7B42E08C3B1677 /* OscArg.h */,
				1C2DAC39980844A7AB85D503 /* OscBundle.h */,
				7F0522F892A94E2982DEE10C /* OscListener.h */,
				8CEDB4E21DAA42C1A17C7139 /* OscMessage.h */,
				B6D96502ADFF4D3194C08957 /* OscSender.h */,
			);
			name = src;
			sourceTree = "<group>";
		};
		88CEBB0EEC894B68BFE8CA3A /* OSC */ = {
			isa = PBXGroup;
			children = (
				0C98A08E6BC44043B3EC9E2B /* src */,
			);
			name = OSC;
			sourceTree = "<group>";
		};
		B44EF6DEA2934E45B44958DF /* include */ = {
			isa = PBXGroup;
			children = (
				ED42372E04F14EA0881AE559 /* UnionJack.h */,
			);
			name = include;
			sourceTree = "<group>";
		};
		FE2B5ABF0BAD48948640DA08 /* src */ = {
			isa = PBXGroup;
			children = (
				EF6039B5913641499B48E4F9 /* UnionJack.cpp */,
			);
			name = src;
			sourceTree = "<group>";
		};
		ECA2F60ED98D4323A91A9FB0 /* UnionJack */ = {
			isa = PBXGroup;
			children = (
				B44EF6DEA2934E45B44958DF /* include */,
				FE2B5ABF0BAD48948640DA08 /* src */,
			);
			name = UnionJack;
			sourceTree = "<group>";
		};
		01B97315FEAEA392516A2CEA /* Blocks */ = {
			isa = PBXGroup;
			children = (
				4FA7114163F64142B36C7B6F /* Cinder-Hap2 */,
				823056ADBF7C48DDA598650D /* ImGui */,
				E4467AEBD3C841A6B4F45990 /* Midi2 */,
				E7FB7BF7B64F4FD4B9C19F89 /* Videodromm */,
				B7CB57D3D33748FBBBFA5349 /* Cinder-Warping */,
				2AC7293A0A4D400DA23F7FB3 /* Cinder-WebSocketPP */,
				88CEBB0EEC894B68BFE8CA3A /* OSC */,
				ECA2F60ED98D4323A91A9FB0 /* UnionJack */,
			);
			name = Blocks;
			sourceTree = "<group>";
		};
		29B97315FDCFA39411CA2CEA /* Headers */ = {
			isa = PBXGroup;
			children = (
				2CCC494DF9D84C24B9D7B56D /* Resources.h */,
				55E1A0C1D5FD4805AFCF8462 /* HapPlayer_Prefix.pch */,
			);
			name = Headers;
			sourceTree = "<group>";
		};
		29B97317FDCFA39411CA2CEA /* Resources */ = {
			isa = PBXGroup;
			children = (
				15FB9723319E440E82BD23F2 /* CinderApp.icns */,
				7346B912A43F41E1AC180E9A /* Info.plist */,
			);
			name = Resources;
			sourceTree = "<group>";
		};
		29B97323FDCFA39411CA2CEA /* Frameworks */ = {
			isa = PBXGroup;
			children = (
				1058C7A0FEA54F0111CA2CBB /* Linked Frameworks */,
				1058C7A2FEA54F0111CA2CBB /* Other Frameworks */,
				E841774A18894ACC983474D5 /* QuickTime.framework */,
				8FFD9E1F14904E15A8E6E4AE /* CoreMIDI.framework */,
			);
			name = Frameworks;
			sourceTree = "<group>";
		};
/* End PBXGroup section */

/* Begin PBXNativeTarget section */
		8D1107260486CEB800E47090 /* HapPlayer */ = {
			isa = PBXNativeTarget;
			buildConfigurationList = C01FCF4A08A954540054247B /* Build configuration list for PBXNativeTarget "HapPlayer" */;
			buildPhases = (
				8D1107290486CEB800E47090 /* Resources */,
				8D11072C0486CEB800E47090 /* Sources */,
				8D11072E0486CEB800E47090 /* Frameworks */,
			);
			buildRules = (
			);
			dependencies = (
			);
			name = HapPlayer;
			productInstallPath = "$(HOME)/Applications";
			productName = HapPlayer;
			productReference = 8D1107320486CEB800E47090 /* HapPlayer.app */;
			productType = "com.apple.product-type.application";
		};
/* End PBXNativeTarget section */

/* Begin PBXProject section */
		29B97313FDCFA39411CA2CEA /* Project object */ = {
			isa = PBXProject;
			buildConfigurationList = C01FCF4E08A954540054247B /* Build configuration list for PBXProject "HapPlayer" */;
			compatibilityVersion = "Xcode 3.2";
			developmentRegion = English;
			hasScannedForEncodings = 1;
			knownRegions = (
				English,
				Japanese,
				French,
				German,
			);
			mainGroup = 29B97314FDCFA39411CA2CEA /* HapPlayer */;
			projectDirPath = "";
			projectRoot = "";
			targets = (
				8D1107260486CEB800E47090 /* HapPlayer */,
			);
		};
/* End PBXProject section */

/* Begin PBXResourcesBuildPhase section */
		8D1107290486CEB800E47090 /* Resources */ = {
			isa = PBXResourcesBuildPhase;
			buildActionMask = 2147483647;
			files = (
				83A85E4D90744B098B2CCCB6 /* CinderApp.icns in Resources */,
				9A43A314D4A145F4B9AF97AC /* ScaledCoCgYToRGBA.vert in Resources */,
				5B5B71919B1242A185403FC4 /* ScaledCoCgYToRGBA.frag in Resources */,
			);
			runOnlyForDeploymentPostprocessing = 0;
		};
/* End PBXResourcesBuildPhase section */

/* Begin PBXSourcesBuildPhase section */
		8D11072C0486CEB800E47090 /* Sources */ = {
			isa = PBXSourcesBuildPhase;
			buildActionMask = 2147483647;
			files = (
				CADEDDC901A043F7B543DA2E /* HapPlayerApp.cpp in Sources */,
				A2DBA291DEE2471FBF416CD4 /* MovieHap.cpp in Sources */,
				8363FFBE0C314F6F9E974F7B /* HapSupport.c in Sources */,
				3582F6ABB30F465099BBED53 /* CinderImGui.cpp in Sources */,
				68F3FBF582A44078B769FC0B /* imgui.cpp in Sources */,
				C26756F589784DE88DB54998 /* imgui_draw.cpp in Sources */,
				830EA067943748CF936BDFEB /* imgui_demo.cpp in Sources */,
				2633042A60004CD2B44B92C3 /* RtMidi.cpp in Sources */,
				35792271326A470EB00ECD6D /* MidiHub.cpp in Sources */,
				38F910664FAC45E79812C561 /* CinderMidi.cpp in Sources */,
				08EF0C00315B40A681701C25 /* MidiOut.cpp in Sources */,
				BAB29038F89742BAAA9E43F9 /* VDLog.cpp in Sources */,
				822C728814E74D24BF94CEDB /* VDRouter.cpp in Sources */,
				EEFB871B836D4F3AB464BB02 /* VDSettings.cpp in Sources */,
				B5599E5FACB44AD99C04969C /* VDUtils.cpp in Sources */,
				A5E1225E05984E37855ADA30 /* Warp.cpp in Sources */,
				40C40A67CACB40E8A77FC13B /* WarpBilinear.cpp in Sources */,
				C9AE576CF03F4EC0B3C9DC57 /* WarpPerspective.cpp in Sources */,
				4939CD94AF9F4A8B8E03D3FF /* WarpPerspectiveBilinear.cpp in Sources */,
				7D4F685449BD44A2A4D1A1BE /* WebSocketClient.cpp in Sources */,
				5F3CE602140C4F89A4A0ADA0 /* WebSocketConnection.cpp in Sources */,
				CB0DA7DD73E1448A99CC9BF3 /* WebSocketServer.cpp in Sources */,
				F4A07182B73C40F7B898558B /* OscBundle.cpp in Sources */,
				F93D651C875642B596B1071C /* OscListener.cpp in Sources */,
				C3DAE083F42645E1A09FC893 /* OscMessage.cpp in Sources */,
				4A608E9FAD2842D6A36C4B2A /* OscSender.cpp in Sources */,
				75FFEDD8AAD54E51B5042A85 /* IpEndpointName.cpp in Sources */,
				F75D28F121EB44E28C012D07 /* OscOutboundPacketStream.cpp in Sources */,
				52E263F3F8F549C9B79B8E33 /* OscPrintReceivedElements.cpp in Sources */,
				25BAB47815D04207822E593E /* OscReceivedElements.cpp in Sources */,
				7699FB742A8D4D8BBB52A83B /* OscTypes.cpp in Sources */,
				BEAFBCB3FC2B4069B2A3CF62 /* NetworkingUtils.cpp in Sources */,
				C2FD8C07804E42FBA1229437 /* UdpSocket.cpp in Sources */,
				25BA7947DA1A4A608D37BB3C /* UnionJack.cpp in Sources */,
			);
			runOnlyForDeploymentPostprocessing = 0;
		};
/* End PBXSourcesBuildPhase section */

/* Begin XCBuildConfiguration section */
		C01FCF4B08A954540054247B /* Debug */ = {
			isa = XCBuildConfiguration;
			buildSettings = {
				COMBINE_HIDPI_IMAGES = YES;
				DEAD_CODE_STRIPPING = YES;
				COPY_PHASE_STRIP = NO;
				GCC_DYNAMIC_NO_PIC = NO;
				GCC_INLINES_ARE_PRIVATE_EXTERN = YES;
				GCC_OPTIMIZATION_LEVEL = 0;
				GCC_PREPROCESSOR_DEFINITIONS = (
					"DEBUG=1",
					"$(inherited)",
				);
				GCC_PRECOMPILE_PREFIX_HEADER = YES;
				GCC_PREFIX_HEADER = HapPlayer_Prefix.pch;
				GCC_SYMBOLS_PRIVATE_EXTERN = NO;
				INFOPLIST_FILE = Info.plist;
				INSTALL_PATH = "$(HOME)/Applications";
				OTHER_LDFLAGS = "\"$(CINDER_PATH)/lib/libcinder_d.a\"";
				PRODUCT_BUNDLE_IDENTIFIER = "org.libcinder.${PRODUCT_NAME:rfc1034identifier}";
				PRODUCT_NAME = HapPlayer;
				SYMROOT = ./build;
				WRAPPER_EXTENSION = app;
			};
			name = Debug;
		};
		C01FCF4C08A954540054247B /* Release */ = {
			isa = XCBuildConfiguration;
			buildSettings = {
				COMBINE_HIDPI_IMAGES = YES;
				DEAD_CODE_STRIPPING = YES;
				DEBUG_INFORMATION_FORMAT = "dwarf-with-dsym";
				GCC_FAST_MATH = YES;
				GCC_GENERATE_DEBUGGING_SYMBOLS = NO;
				GCC_INLINES_ARE_PRIVATE_EXTERN = YES;
				GCC_OPTIMIZATION_LEVEL = 3;
				GCC_PREPROCESSOR_DEFINITIONS = (
					"NDEBUG=1",
					"$(inherited)",
				);
				GCC_PRECOMPILE_PREFIX_HEADER = YES;
				GCC_PREFIX_HEADER = HapPlayer_Prefix.pch;
				GCC_SYMBOLS_PRIVATE_EXTERN = NO;
				INFOPLIST_FILE = Info.plist;
				INSTALL_PATH = "$(HOME)/Applications";
				OTHER_LDFLAGS = "\"$(CINDER_PATH)/lib/libcinder.a\"";
				PRODUCT_BUNDLE_IDENTIFIER = "org.libcinder.${PRODUCT_NAME:rfc1034identifier}";
				PRODUCT_NAME = HapPlayer;
				STRIP_INSTALLED_PRODUCT = YES;
				SYMROOT = ./build;
				WRAPPER_EXTENSION = app;
			};
			name = Release;
		};
		C01FCF4F08A954540054247B /* Debug */ = {
			isa = XCBuildConfiguration;
			buildSettings = {
				ALWAYS_SEARCH_USER_PATHS = NO;
				CINDER_PATH = "../../../Cinder";
				CLANG_CXX_LANGUAGE_STANDARD = "c++11";
				CLANG_CXX_LIBRARY = "libc++";
				ENABLE_TESTABILITY = YES;
				GCC_WARN_ABOUT_RETURN_TYPE = YES;
				GCC_WARN_UNUSED_VARIABLE = YES;
				HEADER_SEARCH_PATHS = (
					"\"$(CINDER_PATH)/include\"",
					"\"../../../Cinder/blocks/Cinder-WebSocketPP/src\"",
				);
				MACOSX_DEPLOYMENT_TARGET = 10.8;
				ONLY_ACTIVE_ARCH = YES;
				SDKROOT = macosx;
				USER_HEADER_SEARCH_PATHS = (
					"\"$(CINDER_PATH)/include\" ../include",
					"\"../../../Cinder/blocks/Cinder-Hap2/src\"",
					"\"../../../Cinder/blocks/Cinder-ImGui/lib/imgui\"",
					"\"../../../Cinder/blocks/Cinder-ImGui/include\"",
					"\"../../../Cinder/blocks/Cinder-MIDI2/include\"",
					"\"../../../Cinder/blocks/Cinder-MIDI2/lib\"",
					"\"../../../Cinder/blocks/Cinder-MIDI2/src\"",
					"\"../../../Cinder/blocks/Cinder-Videodromm/include\"",
					"\"../../../Cinder/blocks/Cinder-Videodromm/src\"",
					"\"../../../Cinder/blocks/Cinder-Warping/include\"",
					../../../Cinder/blocks/OSC/src,
					../../../Cinder/blocks/QuickTime/include,
					../../../Cinder/blocks/UnionJack/include,
				);
			};
			name = Debug;
		};
		C01FCF5008A954540054247B /* Release */ = {
			isa = XCBuildConfiguration;
			buildSettings = {
				ALWAYS_SEARCH_USER_PATHS = NO;
				CINDER_PATH = "../../../Cinder";
				CLANG_CXX_LANGUAGE_STANDARD = "c++11";
				CLANG_CXX_LIBRARY = "libc++";
				GCC_WARN_ABOUT_RETURN_TYPE = YES;
				GCC_WARN_UNUSED_VARIABLE = YES;
				HEADER_SEARCH_PATHS = (
					"\"$(CINDER_PATH)/include\"",
					"\"../../../Cinder/blocks/Cinder-WebSocketPP/src\"",
				);
				MACOSX_DEPLOYMENT_TARGET = 10.8;
				SDKROOT = macosx;
				USER_HEADER_SEARCH_PATHS = (
					"\"$(CINDER_PATH)/include\" ../include",
					"\"../../../Cinder/blocks/Cinder-Hap2/src\"",
					"\"../../../Cinder/blocks/Cinder-ImGui/lib/imgui\"",
					"\"../../../Cinder/blocks/Cinder-ImGui/include\"",
					"\"../../../Cinder/blocks/Cinder-MIDI2/include\"",
					"\"../../../Cinder/blocks/Cinder-MIDI2/lib\"",
					"\"../../../Cinder/blocks/Cinder-MIDI2/src\"",
					"\"../../../Cinder/blocks/Cinder-Videodromm/include\"",
					"\"../../../Cinder/blocks/Cinder-Videodromm/src\"",
					"\"../../../Cinder/blocks/Cinder-Warping/include\"",
					../../../Cinder/blocks/OSC/src,
					../../../Cinder/blocks/QuickTime/include,
					../../../Cinder/blocks/UnionJack/include,
				);
			};
			name = Release;
		};
/* End XCBuildConfiguration section */

/* Begin XCConfigurationList section */
		C01FCF4A08A954540054247B /* Build configuration list for PBXNativeTarget "HapPlayer" */ = {
			isa = XCConfigurationList;
			buildConfigurations = (
				C01FCF4B08A954540054247B /* Debug */,
				C01FCF4C08A954540054247B /* Release */,
			);
			defaultConfigurationIsVisible = 0;
			defaultConfigurationName = Release;
		};
		C01FCF4E08A954540054247B /* Build configuration list for PBXProject "HapPlayer" */ = {
			isa = XCConfigurationList;
			buildConfigurations = (
				C01FCF4F08A954540054247B /* Debug */,
				C01FCF5008A954540054247B /* Release */,
			);
			defaultConfigurationIsVisible = 0;
			defaultConfigurationName = Release;
		};
/* End XCConfigurationList section */
	};
	rootObject = 29B97313FDCFA39411CA2CEA /* Project object */;
}
